{
  "object": {
    "pins": [
      {
        "package": "GeoJSONKit",
        "repositoryURL": "https://github.com/maparoni/geojsonkit.git",
        "state": {
          "branch": null,
          "revision": "a40e0fc916864c3dca9108d02de83f27b01b563b",
          "version": "0.3.2"
        }
      }
    ]
  },
  "version": 1
}
