// !$*UTF8*$!
{
	archiveVersion = 1;
	classes = {
	};
	objectVersion = 46;
	objects = {

/* Begin PBXAggregateTarget section */
		03728076308F43DBB980238A /* install */ = {
			isa = PBXAggregateTarget;
			buildConfigurationList = 97974B2031B645DBB13D0138 /* Build configuration list for PBXAggregateTarget "install" */;
			buildPhases = (
				93426DA6A4AC2C2AC9CE883C /* CMake PostBuild Rules */,
			);
			dependencies = (
				6C3C53FA00034426A2D02DD0 /* PBXTargetDependency */,
			);
			name = install;
			productName = install;
		};
		1097E08171F745ADA77ACE5C /* RUN_TESTS */ = {
			isa = PBXAggregateTarget;
			buildConfigurationList = 17CF07CBA1ED4047BDDB2E19 /* Build configuration list for PBXAggregateTarget "RUN_TESTS" */;
			buildPhases = (
				003C8D08B0008F35F218E126 /* CMake PostBuild Rules */,
			);
			dependencies = (
			);
			name = RUN_TESTS;
			productName = RUN_TESTS;
		};
		51542EF74E69486F9388FE64 /* ALL_BUILD */ = {
			isa = PBXAggregateTarget;
			buildConfigurationList = 555A6A4756A54E129DD0156E /* Build configuration list for PBXAggregateTarget "ALL_BUILD" */;
			buildPhases = (
				F0E362A4674E1434EB6C5FF5 /* Generate CMakeFiles/ALL_BUILD */,
			);
			dependencies = (
				1600898F5E2940BF89671986 /* PBXTargetDependency */,
				CFE7F696A09140A584E74C09 /* PBXTargetDependency */,
			);
			name = ALL_BUILD;
			productName = ALL_BUILD;
		};
		E88B33A18E3D4A1DBDCF9BEC /* ZERO_CHECK */ = {
			isa = PBXAggregateTarget;
			buildConfigurationList = 5538B9087B894E7F96DD5CBC /* Build configuration list for PBXAggregateTarget "ZERO_CHECK" */;
			buildPhases = (
				3E905B8775A2823E46D95101 /* Generate CMakeFiles/ZERO_CHECK */,
			);
			dependencies = (
			);
			name = ZERO_CHECK;
			productName = ZERO_CHECK;
		};
/* End PBXAggregateTarget section */

/* Begin PBXBuildFile section */
		01363AD5CA3C4946A1708F36 /* /Users/aleks/Developer/turf-swift/Tests/TurfTests/Fixtures/featurecollection-no-properties.geojson */ = {isa = PBXBuildFile; fileRef = E1A07FAB56D54E37BFE6785E /* /Users/aleks/Developer/turf-swift/Tests/TurfTests/Fixtures/featurecollection-no-properties.geojson */; };
		069E9281DD8D4737861C427E /* /Users/aleks/Developer/turf-swift/Sources/Turf/Codable.swift */ = {isa = PBXBuildFile; fileRef = 5390DAB1605A43C68BAE7F0F /* /Users/aleks/Developer/turf-swift/Sources/Turf/Codable.swift */; };
		0A8D2697EBA841F1B4034F65 /* /Users/aleks/Developer/turf-swift/Tests/TurfTests/PointTests.swift */ = {isa = PBXBuildFile; fileRef = 54F3CCA2186849949FD3BD32 /* /Users/aleks/Developer/turf-swift/Tests/TurfTests/PointTests.swift */; };
		0F5E1BBFA06C4BFF9AC9FCFA /* /Users/aleks/Developer/turf-swift/Sources/Turf/BoundingBox.swift */ = {isa = PBXBuildFile; fileRef = EE6A3983DC6D4E52AD76B9A5 /* /Users/aleks/Developer/turf-swift/Sources/Turf/BoundingBox.swift */; };
		12C24873A68641278294128E /* /Users/aleks/Developer/turf-swift/Tests/TurfTests/BoundingBoxTests.swift */ = {isa = PBXBuildFile; fileRef = 37D8EDA9057B4FD9AA8429B5 /* /Users/aleks/Developer/turf-swift/Tests/TurfTests/BoundingBoxTests.swift */; };
		1423D1845C504814B404B439 /* /Users/aleks/Developer/turf-swift/Tests/TurfTests/Fixtures/simple-line.geojson */ = {isa = PBXBuildFile; fileRef = 44E53818CDFF409C8010EF76 /* /Users/aleks/Developer/turf-swift/Tests/TurfTests/Fixtures/simple-line.geojson */; };
		1543AEE6ED984FA18D99DBB0 /* /Users/aleks/Developer/turf-swift/Tests/TurfTests/MultiPolygonTests.swift */ = {isa = PBXBuildFile; fileRef = BE691F71480A44A0948FF0F5 /* /Users/aleks/Developer/turf-swift/Tests/TurfTests/MultiPolygonTests.swift */; };
		160CC55B7DB049F98C2D69FA /* /Users/aleks/Developer/turf-swift/Sources/Turf/Spline.swift */ = {isa = PBXBuildFile; fileRef = 4F257AFD0BC945819ADF259F /* /Users/aleks/Developer/turf-swift/Sources/Turf/Spline.swift */; };
		1E032F831A314648A5F401B1 /* /Users/aleks/Developer/turf-swift/Tests/TurfTests/WKTTests.swift */ = {isa = PBXBuildFile; fileRef = DBE5866CC9C9437486D79C32 /* /Users/aleks/Developer/turf-swift/Tests/TurfTests/WKTTests.swift */; };
		26D38ADDAAF0449D938DACDE /* /Users/aleks/Developer/turf-swift/Tests/TurfTests/MultiLineStringTests.swift */ = {isa = PBXBuildFile; fileRef = AB286451D372433F99ED31AC /* /Users/aleks/Developer/turf-swift/Tests/TurfTests/MultiLineStringTests.swift */; };
		26F4118C275645E789CC1651 /* /Users/aleks/Developer/turf-swift/Sources/Turf/Consumer/Consumer.swift */ = {isa = PBXBuildFile; fileRef = 0D055F73618B4957BAEAB292 /* /Users/aleks/Developer/turf-swift/Sources/Turf/Consumer/Consumer.swift */; };
		28488D054844436FB452F729 /* /Users/aleks/Developer/turf-swift/Tests/TurfTests/TurfTests.swift */ = {isa = PBXBuildFile; fileRef = 7457FE10BBAA42EFBF97B08F /* /Users/aleks/Developer/turf-swift/Tests/TurfTests/TurfTests.swift */; };
		39975EAD2C46493FBFA2C71E /* /Users/aleks/Developer/turf-swift/Tests/TurfTests/Fixtures/dc-line.geojson */ = {isa = PBXBuildFile; fileRef = A42E9ED99C934A06A57BFB77 /* /Users/aleks/Developer/turf-swift/Tests/TurfTests/Fixtures/dc-line.geojson */; };
		3D1C297C3E3E4979AEC91826 /* /Users/aleks/Developer/turf-swift/Sources/Turf/JSON.swift */ = {isa = PBXBuildFile; fileRef = EDEFAC1BEF284D7792D75FC7 /* /Users/aleks/Developer/turf-swift/Sources/Turf/JSON.swift */; };
		488CA364D7374911B57BF63B /* /Users/aleks/Developer/turf-swift/Tests/TurfTests/Fixtures/multipolygon.geojson */ = {isa = PBXBuildFile; fileRef = A952D2DC12A9438E8987DB9B /* /Users/aleks/Developer/turf-swift/Tests/TurfTests/Fixtures/multipolygon.geojson */; };
		4F7D776A682F465C8E064562 /* /Users/aleks/Developer/turf-swift/Sources/Turf/FeatureIdentifier.swift */ = {isa = PBXBuildFile; fileRef = 0E23F9B956AF424EAD5B46B1 /* /Users/aleks/Developer/turf-swift/Sources/Turf/FeatureIdentifier.swift */; };
		50E0AE3CD9A64B0290D7E20A /* /Users/aleks/Developer/turf-swift/Tests/TurfTests/GeometryCollectionTests.swift */ = {isa = PBXBuildFile; fileRef = 6D19F32BEE3348E4BD4D4A2C /* /Users/aleks/Developer/turf-swift/Tests/TurfTests/GeometryCollectionTests.swift */; };
		53343D146453482B86CFA6CD /* /Users/aleks/Developer/turf-swift/Sources/Turf/FeatureCollection.swift */ = {isa = PBXBuildFile; fileRef = 6E95374FB79B46C187B14698 /* /Users/aleks/Developer/turf-swift/Sources/Turf/FeatureCollection.swift */; };
		54AE0D797492424F8F94C69D /* /Applications/Xcode.app/Contents/Developer/Platforms/iPhoneSimulator.platform/Developer/Library/Frameworks/XCTest.framework */ = {isa = PBXBuildFile; fileRef = D3534E1CFA37419B8AE6F501 /* /Applications/Xcode.app/Contents/Developer/Platforms/iPhoneSimulator.platform/Developer/Library/Frameworks/XCTest.framework */; };
		563BE1723A704A91B0C27EB3 /* /Users/aleks/Developer/turf-swift/Sources/Turf/Geometries/Polygon.swift */ = {isa = PBXBuildFile; fileRef = 5A7CA35152E54DF9AFF069B2 /* /Users/aleks/Developer/turf-swift/Sources/Turf/Geometries/Polygon.swift */; };
		5781C0F4781244B19BB96492 /* /Users/aleks/Developer/turf-swift/Tests/TurfTests/LineStringTests.swift */ = {isa = PBXBuildFile; fileRef = C4726B7B7824434D9D5F81FA /* /Users/aleks/Developer/turf-swift/Tests/TurfTests/LineStringTests.swift */; };
		594219724B8440439A48B9A2 /* /Users/aleks/Developer/turf-swift/Sources/Turf/Geometries/LineString.swift */ = {isa = PBXBuildFile; fileRef = 1A9186B25EB849AAB2EF7B8B /* /Users/aleks/Developer/turf-swift/Sources/Turf/Geometries/LineString.swift */; };
		5A53BF8B72D14C86B040A2FE /* /Users/aleks/Developer/turf-swift/Tests/TurfTests/FeatureCollectionTests.swift */ = {isa = PBXBuildFile; fileRef = BCE2FD3272E04923A7F6E2ED /* /Users/aleks/Developer/turf-swift/Tests/TurfTests/FeatureCollectionTests.swift */; };
		698766083ED747F0A3B8E870 /* /Users/aleks/Developer/turf-swift/Sources/Turf/Consumer/Consumer+WKT.swift */ = {isa = PBXBuildFile; fileRef = B07A3D2185994D78A091351F /* /Users/aleks/Developer/turf-swift/Sources/Turf/Consumer/Consumer+WKT.swift */; };
		6AE78F70005C42ABA207A0EC /* /Users/aleks/Developer/turf-swift/build/Sources/CMakeFiles/Turf.dir/Info.plist */ = {isa = PBXBuildFile; fileRef = 14F0658B1FAD457588E50348 /* /Users/aleks/Developer/turf-swift/build/Sources/CMakeFiles/Turf.dir/Info.plist */; };
		6BDE091797B84C3DB9E4C9E1 /* /Users/aleks/Developer/turf-swift/Tests/TurfTests/Fixtures/geometry-collection.geojson */ = {isa = PBXBuildFile; fileRef = 2438267A0FE84EB3A926AE0A /* /Users/aleks/Developer/turf-swift/Tests/TurfTests/Fixtures/geometry-collection.geojson */; };
		6C4EBFFCA7F143A09600E1BE /* /Users/aleks/Developer/turf-swift/Sources/CMakeLists.txt */ = {isa = PBXBuildFile; fileRef = 4EE6C7B6E4954CC7B1AF8E48 /* /Users/aleks/Developer/turf-swift/Sources/CMakeLists.txt */; };
		6E199F9B1EF6466DA6D333B6 /* /Users/aleks/Developer/turf-swift/Tests/TurfTests/GeoJSONTests.swift */ = {isa = PBXBuildFile; fileRef = 19322361AE594C539724BC74 /* /Users/aleks/Developer/turf-swift/Tests/TurfTests/GeoJSONTests.swift */; };
		7A49A7146EC740A8884956D0 /* /Users/aleks/Developer/turf-swift/Tests/CMakeLists.txt */ = {isa = PBXBuildFile; fileRef = 2F3D10134C4B4AAA9DE7D362 /* /Users/aleks/Developer/turf-swift/Tests/CMakeLists.txt */; };
		812C2288602E484D96FC31F7 /* /Users/aleks/Developer/turf-swift/Tests/TurfTests/MultiPointTests.swift */ = {isa = PBXBuildFile; fileRef = 35DD115737C8461F96DAC8CB /* /Users/aleks/Developer/turf-swift/Tests/TurfTests/MultiPointTests.swift */; };
		82C8CCB1D79B4C8292945ADA /* /Users/aleks/Developer/turf-swift/Sources/Turf/Geometries/Point.swift */ = {isa = PBXBuildFile; fileRef = 6CC3D0CD272A4936A3147123 /* /Users/aleks/Developer/turf-swift/Sources/Turf/Geometries/Point.swift */; };
		891866475CEC4530AB51C155 /* /Users/aleks/Developer/turf-swift/Tests/TurfTests/Fixtures/simplify */ = {isa = PBXBuildFile; fileRef = E1947DF3BFF34D928A564E08 /* /Users/aleks/Developer/turf-swift/Tests/TurfTests/Fixtures/simplify */; };
		8AE8AECE9A1844158B7B0B08 /* /Users/aleks/Developer/turf-swift/Tests/TurfTests/Fixtures/polygon.geojson */ = {isa = PBXBuildFile; fileRef = D34BB88DC558468AA95DDC13 /* /Users/aleks/Developer/turf-swift/Tests/TurfTests/Fixtures/polygon.geojson */; };
		8BFE43DB08F64511A4097A71 /* /Users/aleks/Developer/turf-swift/Sources/Turf/Geometries/MultiPolygon.swift */ = {isa = PBXBuildFile; fileRef = 1F08BAEAF692483E9970B565 /* /Users/aleks/Developer/turf-swift/Sources/Turf/Geometries/MultiPolygon.swift */; };
		8DE875A9BAE44434827E8DE6 /* /Users/aleks/Developer/turf-swift/Tests/TurfTests/RadianCoordinate2DTests.swift */ = {isa = PBXBuildFile; fileRef = AA3D039731604DFA82143D97 /* /Users/aleks/Developer/turf-swift/Tests/TurfTests/RadianCoordinate2DTests.swift */; };
		95BDF07F5C154DD2A5A36C67 /* /Users/aleks/Developer/turf-swift/Sources/Turf/Geometry.swift */ = {isa = PBXBuildFile; fileRef = D210A861A1F644BBA6827DE7 /* /Users/aleks/Developer/turf-swift/Sources/Turf/Geometry.swift */; };
		9AB181A7846747158DC319BC /* /Users/aleks/Developer/turf-swift/Sources/Turf/Geometries/MultiPoint.swift */ = {isa = PBXBuildFile; fileRef = F6B5EB871843493290EF9D07 /* /Users/aleks/Developer/turf-swift/Sources/Turf/Geometries/MultiPoint.swift */; };
		A3CED4135B7748B6AFEA1D48 /* /Users/aleks/Developer/turf-swift/Sources/Turf/Feature.swift */ = {isa = PBXBuildFile; fileRef = 06A9EE39B6A644E49CB173D5 /* /Users/aleks/Developer/turf-swift/Sources/Turf/Feature.swift */; };
		C3B28AF9CB69462995F36BA3 /* /Users/aleks/Developer/turf-swift/build/Tests/CMakeFiles/TurfTests.dir/Info.plist */ = {isa = PBXBuildFile; fileRef = ECF194D7882048A0844FC0D2 /* /Users/aleks/Developer/turf-swift/build/Tests/CMakeFiles/TurfTests.dir/Info.plist */; };
		C4DDC224B41C4A8082C0D9EE /* /Users/aleks/Developer/turf-swift/Sources/Turf/Turf.swift */ = {isa = PBXBuildFile; fileRef = 1BB85FEDBB5F455ABE3AC15D /* /Users/aleks/Developer/turf-swift/Sources/Turf/Turf.swift */; };
		C622A2F983B94B35A56CFE48 /* /Users/aleks/Developer/turf-swift/Sources/Turf/Ring.swift */ = {isa = PBXBuildFile; fileRef = 78508046DD7A4B3BA05E7E1E /* /Users/aleks/Developer/turf-swift/Sources/Turf/Ring.swift */; };
		D13E52FE2061461C87E5FA7A /* /Users/aleks/Developer/turf-swift/Tests/TurfTests/Fixtures/point.geojson */ = {isa = PBXBuildFile; fileRef = 0B876CB9DA7C4B87BE12B43F /* /Users/aleks/Developer/turf-swift/Tests/TurfTests/Fixtures/point.geojson */; };
		D241C8D0BAC14FA599861C15 /* /Users/aleks/Developer/turf-swift/Sources/Turf/Geometries/GeometryCollection.swift */ = {isa = PBXBuildFile; fileRef = 4D7584B473C34A6FB9C9FC8C /* /Users/aleks/Developer/turf-swift/Sources/Turf/Geometries/GeometryCollection.swift */; };
		D265F076AAC14F2CB18EC1CF /* /Users/aleks/Developer/turf-swift/Sources/Turf/Turf.h */ = {isa = PBXBuildFile; fileRef = 5DBCE1B893EE4108A2D3682F /* /Users/aleks/Developer/turf-swift/Sources/Turf/Turf.h */; };
		DDC659F44A8E469285FEC81D /* /Users/aleks/Developer/turf-swift/Tests/TurfTests/JSONTests.swift */ = {isa = PBXBuildFile; fileRef = 7B39A4AC033240D3B4F27E50 /* /Users/aleks/Developer/turf-swift/Tests/TurfTests/JSONTests.swift */; };
		E1A9F4FC18B54EAD9D992EF2 /* /Users/aleks/Developer/turf-swift/Tests/TurfTests/Fixture.swift */ = {isa = PBXBuildFile; fileRef = 90EB1A26A73642109F84DD1E /* /Users/aleks/Developer/turf-swift/Tests/TurfTests/Fixture.swift */; };
		E55F78D304E6487DB90787B9 /* /Users/aleks/Developer/turf-swift/Sources/Turf/Geometries/MultiLineString.swift */ = {isa = PBXBuildFile; fileRef = C0F1FE50992946B7A00B3B4A /* /Users/aleks/Developer/turf-swift/Sources/Turf/Geometries/MultiLineString.swift */; };
		EAA3ECF3505C4928BD31455E /* /Users/aleks/Developer/turf-swift/Sources/Turf/CoreLocation.swift */ = {isa = PBXBuildFile; fileRef = 83391AB9F51646539C4F6A84 /* /Users/aleks/Developer/turf-swift/Sources/Turf/CoreLocation.swift */; };
		EDB6A195B926451CBA52F481 /* /Users/aleks/Developer/turf-swift/Tests/TurfTests/Fixtures/multipoint.geojson */ = {isa = PBXBuildFile; fileRef = 19059C2A8E47405DBD3E7A22 /* /Users/aleks/Developer/turf-swift/Tests/TurfTests/Fixtures/multipoint.geojson */; };
		EF8BC7DD7B9A468EA42D8472 /* /Users/aleks/Developer/turf-swift/Sources/Turf/WKT.swift */ = {isa = PBXBuildFile; fileRef = 2875886879FF475C864747CA /* /Users/aleks/Developer/turf-swift/Sources/Turf/WKT.swift */; };
		F0A1F48E38444EDE86CD2C1B /* /Users/aleks/Developer/turf-swift/Sources/Turf/Simplifier.swift */ = {isa = PBXBuildFile; fileRef = F2CB52610F864A9A8864030A /* /Users/aleks/Developer/turf-swift/Sources/Turf/Simplifier.swift */; };
		F5C234A3CC0444E997B2A4CE /* /Users/aleks/Developer/turf-swift/Tests/TurfTests/Fixtures/featurecollection.geojson */ = {isa = PBXBuildFile; fileRef = 3C343066CD524074ABBB3690 /* /Users/aleks/Developer/turf-swift/Tests/TurfTests/Fixtures/featurecollection.geojson */; };
		F7B5F73177244F1BAAF61122 /* /Users/aleks/Developer/turf-swift/Sources/Turf/GeoJSON.swift */ = {isa = PBXBuildFile; fileRef = 40806446BB3642E5B69B75CB /* /Users/aleks/Developer/turf-swift/Sources/Turf/GeoJSON.swift */; };
		F8598256DF4A4DC4BA2B3AA5 /* /Users/aleks/Developer/turf-swift/Tests/TurfTests/PolygonTests.swift */ = {isa = PBXBuildFile; fileRef = 44FE506266294755AA2CFD85 /* /Users/aleks/Developer/turf-swift/Tests/TurfTests/PolygonTests.swift */; };
		FABFC56340FE46DDB048B1D2 /* /Users/aleks/Developer/turf-swift/Tests/TurfTests/LocationCoordinate2DTests.swift */ = {isa = PBXBuildFile; fileRef = 2E530E5A4F2046798C9CA639 /* /Users/aleks/Developer/turf-swift/Tests/TurfTests/LocationCoordinate2DTests.swift */; };
		FBBFAC7CEB8C48ABBCBBD95A /* /Users/aleks/Developer/turf-swift/Sources/Turf/RadianCoordinate2D.swift */ = {isa = PBXBuildFile; fileRef = BEDCB1BCEF5F493783A57015 /* /Users/aleks/Developer/turf-swift/Sources/Turf/RadianCoordinate2D.swift */; };
		FE424F202FF4400D9B619F64 /* /Users/aleks/Developer/turf-swift/Tests/TurfTests/Fixtures/multiline.geojson */ = {isa = PBXBuildFile; fileRef = 6B7BABC466C84C64A43CF141 /* /Users/aleks/Developer/turf-swift/Tests/TurfTests/Fixtures/multiline.geojson */; };
/* End PBXBuildFile section */

/* Begin PBXBuildStyle section */
		12CB9ACD75404FC9A31E7042 /* MinSizeRel */ = {
			isa = PBXBuildStyle;
			buildSettings = {
				COPY_PHASE_STRIP = NO;
			};
			name = MinSizeRel;
		};
		2688EEC57D5C4B15AF7C6153 /* Debug */ = {
			isa = PBXBuildStyle;
			buildSettings = {
				COPY_PHASE_STRIP = NO;
			};
			name = Debug;
		};
		2BE658994DAC40688CCFE531 /* RelWithDebInfo */ = {
			isa = PBXBuildStyle;
			buildSettings = {
				COPY_PHASE_STRIP = NO;
			};
			name = RelWithDebInfo;
		};
		4BCC5BE018944EC1AA173487 /* Release */ = {
			isa = PBXBuildStyle;
			buildSettings = {
				COPY_PHASE_STRIP = NO;
			};
			name = Release;
		};
/* End PBXBuildStyle section */

/* Begin PBXContainerItemProxy section */
		30EBF052DC674108BDA19054 /* PBXContainerItemProxy */ = {
			isa = PBXContainerItemProxy;
			containerPortal = 8C825D0A66C048F2AE6D4041 /* Project object */;
			proxyType = 1;
			remoteGlobalIDString = E88B33A18E3D4A1DBDCF9BEC;
			remoteInfo = ZERO_CHECK;
		};
		560DEAF314E5433CBAA1E911 /* PBXContainerItemProxy */ = {
			isa = PBXContainerItemProxy;
			containerPortal = 8C825D0A66C048F2AE6D4041 /* Project object */;
			proxyType = 1;
			remoteGlobalIDString = E88B33A18E3D4A1DBDCF9BEC;
			remoteInfo = ZERO_CHECK;
		};
		6B3F72C3BEAE48A1A596D698 /* PBXContainerItemProxy */ = {
			isa = PBXContainerItemProxy;
			containerPortal = 8C825D0A66C048F2AE6D4041 /* Project object */;
			proxyType = 1;
			remoteGlobalIDString = 40713DBDCEC144EBA811E9E5;
			remoteInfo = Turf;
		};
		AC70E82FE6D0421794BC483A /* PBXContainerItemProxy */ = {
			isa = PBXContainerItemProxy;
			containerPortal = 8C825D0A66C048F2AE6D4041 /* Project object */;
			proxyType = 1;
			remoteGlobalIDString = 40713DBDCEC144EBA811E9E5;
			remoteInfo = Turf;
		};
		C64CDAA6408F4572A95DC3F5 /* PBXContainerItemProxy */ = {
			isa = PBXContainerItemProxy;
			containerPortal = 8C825D0A66C048F2AE6D4041 /* Project object */;
			proxyType = 1;
			remoteGlobalIDString = 51542EF74E69486F9388FE64;
			remoteInfo = ALL_BUILD;
		};
		DF696AFF8991442AA78EA054 /* PBXContainerItemProxy */ = {
			isa = PBXContainerItemProxy;
			containerPortal = 8C825D0A66C048F2AE6D4041 /* Project object */;
			proxyType = 1;
			remoteGlobalIDString = E88B33A18E3D4A1DBDCF9BEC;
			remoteInfo = ZERO_CHECK;
		};
/* End PBXContainerItemProxy section */

/* Begin PBXFileReference section */
		06A9EE39B6A644E49CB173D5 /* /Users/aleks/Developer/turf-swift/Sources/Turf/Feature.swift */ = {isa = PBXFileReference; explicitFileType = sourcecode.swift; fileEncoding = 4; name = Feature.swift; path = Sources/Turf/Feature.swift; sourceTree = SOURCE_ROOT; };
		0B876CB9DA7C4B87BE12B43F /* /Users/aleks/Developer/turf-swift/Tests/TurfTests/Fixtures/point.geojson */ = {isa = PBXFileReference; explicitFileType = sourcecode; fileEncoding = 4; name = point.geojson; path = Tests/TurfTests/Fixtures/point.geojson; sourceTree = SOURCE_ROOT; };
		0D055F73618B4957BAEAB292 /* /Users/aleks/Developer/turf-swift/Sources/Turf/Consumer/Consumer.swift */ = {isa = PBXFileReference; explicitFileType = sourcecode.swift; fileEncoding = 4; name = Consumer.swift; path = Sources/Turf/Consumer/Consumer.swift; sourceTree = SOURCE_ROOT; };
		0E23F9B956AF424EAD5B46B1 /* /Users/aleks/Developer/turf-swift/Sources/Turf/FeatureIdentifier.swift */ = {isa = PBXFileReference; explicitFileType = sourcecode.swift; fileEncoding = 4; name = FeatureIdentifier.swift; path = Sources/Turf/FeatureIdentifier.swift; sourceTree = SOURCE_ROOT; };
		14F0658B1FAD457588E50348 /* /Users/aleks/Developer/turf-swift/build/Sources/CMakeFiles/Turf.dir/Info.plist */ = {isa = PBXFileReference; explicitFileType = sourcecode.text.plist; fileEncoding = 4; name = Info.plist; path = build/Sources/CMakeFiles/Turf.dir/Info.plist; sourceTree = SOURCE_ROOT; };
		19059C2A8E47405DBD3E7A22 /* /Users/aleks/Developer/turf-swift/Tests/TurfTests/Fixtures/multipoint.geojson */ = {isa = PBXFileReference; explicitFileType = sourcecode; fileEncoding = 4; name = multipoint.geojson; path = Tests/TurfTests/Fixtures/multipoint.geojson; sourceTree = SOURCE_ROOT; };
		19322361AE594C539724BC74 /* /Users/aleks/Developer/turf-swift/Tests/TurfTests/GeoJSONTests.swift */ = {isa = PBXFileReference; explicitFileType = sourcecode.swift; fileEncoding = 4; name = GeoJSONTests.swift; path = Tests/TurfTests/GeoJSONTests.swift; sourceTree = SOURCE_ROOT; };
		1A9186B25EB849AAB2EF7B8B /* /Users/aleks/Developer/turf-swift/Sources/Turf/Geometries/LineString.swift */ = {isa = PBXFileReference; explicitFileType = sourcecode.swift; fileEncoding = 4; name = LineString.swift; path = Sources/Turf/Geometries/LineString.swift; sourceTree = SOURCE_ROOT; };
		1BB85FEDBB5F455ABE3AC15D /* /Users/aleks/Developer/turf-swift/Sources/Turf/Turf.swift */ = {isa = PBXFileReference; explicitFileType = sourcecode.swift; fileEncoding = 4; name = Turf.swift; path = Sources/Turf/Turf.swift; sourceTree = SOURCE_ROOT; };
		1F08BAEAF692483E9970B565 /* /Users/aleks/Developer/turf-swift/Sources/Turf/Geometries/MultiPolygon.swift */ = {isa = PBXFileReference; explicitFileType = sourcecode.swift; fileEncoding = 4; name = MultiPolygon.swift; path = Sources/Turf/Geometries/MultiPolygon.swift; sourceTree = SOURCE_ROOT; };
		2438267A0FE84EB3A926AE0A /* /Users/aleks/Developer/turf-swift/Tests/TurfTests/Fixtures/geometry-collection.geojson */ = {isa = PBXFileReference; explicitFileType = sourcecode; fileEncoding = 4; name = "geometry-collection.geojson"; path = "Tests/TurfTests/Fixtures/geometry-collection.geojson"; sourceTree = SOURCE_ROOT; };
		265C40D04EB84EE99D0AF035 /* Turf */ = {isa = PBXFileReference; explicitFileType = wrapper.framework; path = Turf.framework/Turf; sourceTree = BUILT_PRODUCTS_DIR; };
		2875886879FF475C864747CA /* /Users/aleks/Developer/turf-swift/Sources/Turf/WKT.swift */ = {isa = PBXFileReference; explicitFileType = sourcecode.swift; fileEncoding = 4; name = WKT.swift; path = Sources/Turf/WKT.swift; sourceTree = SOURCE_ROOT; };
		2E530E5A4F2046798C9CA639 /* /Users/aleks/Developer/turf-swift/Tests/TurfTests/LocationCoordinate2DTests.swift */ = {isa = PBXFileReference; explicitFileType = sourcecode.swift; fileEncoding = 4; name = LocationCoordinate2DTests.swift; path = Tests/TurfTests/LocationCoordinate2DTests.swift; sourceTree = SOURCE_ROOT; };
		2F3D10134C4B4AAA9DE7D362 /* /Users/aleks/Developer/turf-swift/Tests/CMakeLists.txt */ = {isa = PBXFileReference; explicitFileType = sourcecode.text; fileEncoding = 4; name = CMakeLists.txt; path = Tests/CMakeLists.txt; sourceTree = SOURCE_ROOT; };
		33978F8A01974247B8FD11F2 /* /Users/aleks/Developer/turf-swift/CMakeLists.txt */ = {isa = PBXFileReference; explicitFileType = sourcecode.text; fileEncoding = 4; name = CMakeLists.txt; path = CMakeLists.txt; sourceTree = SOURCE_ROOT; };
		35DD115737C8461F96DAC8CB /* /Users/aleks/Developer/turf-swift/Tests/TurfTests/MultiPointTests.swift */ = {isa = PBXFileReference; explicitFileType = sourcecode.swift; fileEncoding = 4; name = MultiPointTests.swift; path = Tests/TurfTests/MultiPointTests.swift; sourceTree = SOURCE_ROOT; };
		37D8EDA9057B4FD9AA8429B5 /* /Users/aleks/Developer/turf-swift/Tests/TurfTests/BoundingBoxTests.swift */ = {isa = PBXFileReference; explicitFileType = sourcecode.swift; fileEncoding = 4; name = BoundingBoxTests.swift; path = Tests/TurfTests/BoundingBoxTests.swift; sourceTree = SOURCE_ROOT; };
		3C343066CD524074ABBB3690 /* /Users/aleks/Developer/turf-swift/Tests/TurfTests/Fixtures/featurecollection.geojson */ = {isa = PBXFileReference; explicitFileType = sourcecode; fileEncoding = 4; name = featurecollection.geojson; path = Tests/TurfTests/Fixtures/featurecollection.geojson; sourceTree = SOURCE_ROOT; };
		40806446BB3642E5B69B75CB /* /Users/aleks/Developer/turf-swift/Sources/Turf/GeoJSON.swift */ = {isa = PBXFileReference; explicitFileType = sourcecode.swift; fileEncoding = 4; name = GeoJSON.swift; path = Sources/Turf/GeoJSON.swift; sourceTree = SOURCE_ROOT; };
		44E53818CDFF409C8010EF76 /* /Users/aleks/Developer/turf-swift/Tests/TurfTests/Fixtures/simple-line.geojson */ = {isa = PBXFileReference; explicitFileType = sourcecode; fileEncoding = 4; name = "simple-line.geojson"; path = "Tests/TurfTests/Fixtures/simple-line.geojson"; sourceTree = SOURCE_ROOT; };
		44FE506266294755AA2CFD85 /* /Users/aleks/Developer/turf-swift/Tests/TurfTests/PolygonTests.swift */ = {isa = PBXFileReference; explicitFileType = sourcecode.swift; fileEncoding = 4; name = PolygonTests.swift; path = Tests/TurfTests/PolygonTests.swift; sourceTree = SOURCE_ROOT; };
		4D7584B473C34A6FB9C9FC8C /* /Users/aleks/Developer/turf-swift/Sources/Turf/Geometries/GeometryCollection.swift */ = {isa = PBXFileReference; explicitFileType = sourcecode.swift; fileEncoding = 4; name = GeometryCollection.swift; path = Sources/Turf/Geometries/GeometryCollection.swift; sourceTree = SOURCE_ROOT; };
		4EE6C7B6E4954CC7B1AF8E48 /* /Users/aleks/Developer/turf-swift/Sources/CMakeLists.txt */ = {isa = PBXFileReference; explicitFileType = sourcecode.text; fileEncoding = 4; name = CMakeLists.txt; path = Sources/CMakeLists.txt; sourceTree = SOURCE_ROOT; };
		4F257AFD0BC945819ADF259F /* /Users/aleks/Developer/turf-swift/Sources/Turf/Spline.swift */ = {isa = PBXFileReference; explicitFileType = sourcecode.swift; fileEncoding = 4; name = Spline.swift; path = Sources/Turf/Spline.swift; sourceTree = SOURCE_ROOT; };
		5390DAB1605A43C68BAE7F0F /* /Users/aleks/Developer/turf-swift/Sources/Turf/Codable.swift */ = {isa = PBXFileReference; explicitFileType = sourcecode.swift; fileEncoding = 4; name = Codable.swift; path = Sources/Turf/Codable.swift; sourceTree = SOURCE_ROOT; };
		54F3CCA2186849949FD3BD32 /* /Users/aleks/Developer/turf-swift/Tests/TurfTests/PointTests.swift */ = {isa = PBXFileReference; explicitFileType = sourcecode.swift; fileEncoding = 4; name = PointTests.swift; path = Tests/TurfTests/PointTests.swift; sourceTree = SOURCE_ROOT; };
		5A7CA35152E54DF9AFF069B2 /* /Users/aleks/Developer/turf-swift/Sources/Turf/Geometries/Polygon.swift */ = {isa = PBXFileReference; explicitFileType = sourcecode.swift; fileEncoding = 4; name = Polygon.swift; path = Sources/Turf/Geometries/Polygon.swift; sourceTree = SOURCE_ROOT; };
		5DBCE1B893EE4108A2D3682F /* /Users/aleks/Developer/turf-swift/Sources/Turf/Turf.h */ = {isa = PBXFileReference; explicitFileType = sourcecode.c.h; fileEncoding = 4; name = Turf.h; path = Sources/Turf/Turf.h; sourceTree = SOURCE_ROOT; };
		6B7BABC466C84C64A43CF141 /* /Users/aleks/Developer/turf-swift/Tests/TurfTests/Fixtures/multiline.geojson */ = {isa = PBXFileReference; explicitFileType = sourcecode; fileEncoding = 4; name = multiline.geojson; path = Tests/TurfTests/Fixtures/multiline.geojson; sourceTree = SOURCE_ROOT; };
		6CC3D0CD272A4936A3147123 /* /Users/aleks/Developer/turf-swift/Sources/Turf/Geometries/Point.swift */ = {isa = PBXFileReference; explicitFileType = sourcecode.swift; fileEncoding = 4; name = Point.swift; path = Sources/Turf/Geometries/Point.swift; sourceTree = SOURCE_ROOT; };
		6D19F32BEE3348E4BD4D4A2C /* /Users/aleks/Developer/turf-swift/Tests/TurfTests/GeometryCollectionTests.swift */ = {isa = PBXFileReference; explicitFileType = sourcecode.swift; fileEncoding = 4; name = GeometryCollectionTests.swift; path = Tests/TurfTests/GeometryCollectionTests.swift; sourceTree = SOURCE_ROOT; };
		6E95374FB79B46C187B14698 /* /Users/aleks/Developer/turf-swift/Sources/Turf/FeatureCollection.swift */ = {isa = PBXFileReference; explicitFileType = sourcecode.swift; fileEncoding = 4; name = FeatureCollection.swift; path = Sources/Turf/FeatureCollection.swift; sourceTree = SOURCE_ROOT; };
		7457FE10BBAA42EFBF97B08F /* /Users/aleks/Developer/turf-swift/Tests/TurfTests/TurfTests.swift */ = {isa = PBXFileReference; explicitFileType = sourcecode.swift; fileEncoding = 4; name = TurfTests.swift; path = Tests/TurfTests/TurfTests.swift; sourceTree = SOURCE_ROOT; };
		762FC1D903D54BD897A9E874 /* TurfTests */ = {isa = PBXFileReference; explicitFileType = wrapper.cfbundle; path = TurfTests.xctest/TurfTests; sourceTree = BUILT_PRODUCTS_DIR; };
		78508046DD7A4B3BA05E7E1E /* /Users/aleks/Developer/turf-swift/Sources/Turf/Ring.swift */ = {isa = PBXFileReference; explicitFileType = sourcecode.swift; fileEncoding = 4; name = Ring.swift; path = Sources/Turf/Ring.swift; sourceTree = SOURCE_ROOT; };
		7B39A4AC033240D3B4F27E50 /* /Users/aleks/Developer/turf-swift/Tests/TurfTests/JSONTests.swift */ = {isa = PBXFileReference; explicitFileType = sourcecode.swift; fileEncoding = 4; name = JSONTests.swift; path = Tests/TurfTests/JSONTests.swift; sourceTree = SOURCE_ROOT; };
		83391AB9F51646539C4F6A84 /* /Users/aleks/Developer/turf-swift/Sources/Turf/CoreLocation.swift */ = {isa = PBXFileReference; explicitFileType = sourcecode.swift; fileEncoding = 4; name = CoreLocation.swift; path = Sources/Turf/CoreLocation.swift; sourceTree = SOURCE_ROOT; };
		90EB1A26A73642109F84DD1E /* /Users/aleks/Developer/turf-swift/Tests/TurfTests/Fixture.swift */ = {isa = PBXFileReference; explicitFileType = sourcecode.swift; fileEncoding = 4; name = Fixture.swift; path = Tests/TurfTests/Fixture.swift; sourceTree = SOURCE_ROOT; };
		A42E9ED99C934A06A57BFB77 /* /Users/aleks/Developer/turf-swift/Tests/TurfTests/Fixtures/dc-line.geojson */ = {isa = PBXFileReference; explicitFileType = sourcecode; fileEncoding = 4; name = "dc-line.geojson"; path = "Tests/TurfTests/Fixtures/dc-line.geojson"; sourceTree = SOURCE_ROOT; };
		A952D2DC12A9438E8987DB9B /* /Users/aleks/Developer/turf-swift/Tests/TurfTests/Fixtures/multipolygon.geojson */ = {isa = PBXFileReference; explicitFileType = sourcecode; fileEncoding = 4; name = multipolygon.geojson; path = Tests/TurfTests/Fixtures/multipolygon.geojson; sourceTree = SOURCE_ROOT; };
		AA3D039731604DFA82143D97 /* /Users/aleks/Developer/turf-swift/Tests/TurfTests/RadianCoordinate2DTests.swift */ = {isa = PBXFileReference; explicitFileType = sourcecode.swift; fileEncoding = 4; name = RadianCoordinate2DTests.swift; path = Tests/TurfTests/RadianCoordinate2DTests.swift; sourceTree = SOURCE_ROOT; };
		AB286451D372433F99ED31AC /* /Users/aleks/Developer/turf-swift/Tests/TurfTests/MultiLineStringTests.swift */ = {isa = PBXFileReference; explicitFileType = sourcecode.swift; fileEncoding = 4; name = MultiLineStringTests.swift; path = Tests/TurfTests/MultiLineStringTests.swift; sourceTree = SOURCE_ROOT; };
		B07A3D2185994D78A091351F /* /Users/aleks/Developer/turf-swift/Sources/Turf/Consumer/Consumer+WKT.swift */ = {isa = PBXFileReference; explicitFileType = sourcecode.swift; fileEncoding = 4; name = "Consumer+WKT.swift"; path = "Sources/Turf/Consumer/Consumer+WKT.swift"; sourceTree = SOURCE_ROOT; };
		BCE2FD3272E04923A7F6E2ED /* /Users/aleks/Developer/turf-swift/Tests/TurfTests/FeatureCollectionTests.swift */ = {isa = PBXFileReference; explicitFileType = sourcecode.swift; fileEncoding = 4; name = FeatureCollectionTests.swift; path = Tests/TurfTests/FeatureCollectionTests.swift; sourceTree = SOURCE_ROOT; };
		BE691F71480A44A0948FF0F5 /* /Users/aleks/Developer/turf-swift/Tests/TurfTests/MultiPolygonTests.swift */ = {isa = PBXFileReference; explicitFileType = sourcecode.swift; fileEncoding = 4; name = MultiPolygonTests.swift; path = Tests/TurfTests/MultiPolygonTests.swift; sourceTree = SOURCE_ROOT; };
		BEDCB1BCEF5F493783A57015 /* /Users/aleks/Developer/turf-swift/Sources/Turf/RadianCoordinate2D.swift */ = {isa = PBXFileReference; explicitFileType = sourcecode.swift; fileEncoding = 4; name = RadianCoordinate2D.swift; path = Sources/Turf/RadianCoordinate2D.swift; sourceTree = SOURCE_ROOT; };
		C0F1FE50992946B7A00B3B4A /* /Users/aleks/Developer/turf-swift/Sources/Turf/Geometries/MultiLineString.swift */ = {isa = PBXFileReference; explicitFileType = sourcecode.swift; fileEncoding = 4; name = MultiLineString.swift; path = Sources/Turf/Geometries/MultiLineString.swift; sourceTree = SOURCE_ROOT; };
		C4726B7B7824434D9D5F81FA /* /Users/aleks/Developer/turf-swift/Tests/TurfTests/LineStringTests.swift */ = {isa = PBXFileReference; explicitFileType = sourcecode.swift; fileEncoding = 4; name = LineStringTests.swift; path = Tests/TurfTests/LineStringTests.swift; sourceTree = SOURCE_ROOT; };
		D210A861A1F644BBA6827DE7 /* /Users/aleks/Developer/turf-swift/Sources/Turf/Geometry.swift */ = {isa = PBXFileReference; explicitFileType = sourcecode.swift; fileEncoding = 4; name = Geometry.swift; path = Sources/Turf/Geometry.swift; sourceTree = SOURCE_ROOT; };
		D34BB88DC558468AA95DDC13 /* /Users/aleks/Developer/turf-swift/Tests/TurfTests/Fixtures/polygon.geojson */ = {isa = PBXFileReference; explicitFileType = sourcecode; fileEncoding = 4; name = polygon.geojson; path = Tests/TurfTests/Fixtures/polygon.geojson; sourceTree = SOURCE_ROOT; };
		D3534E1CFA37419B8AE6F501 /* /Applications/Xcode.app/Contents/Developer/Platforms/iPhoneSimulator.platform/Developer/Library/Frameworks/XCTest.framework */ = {isa = PBXFileReference; fileEncoding = 4; lastKnownFileType = wrapper.framework; name = XCTest.framework; path = /Applications/Xcode.app/Contents/Developer/Platforms/iPhoneSimulator.platform/Developer/Library/Frameworks/XCTest.framework; sourceTree = "<absolute>"; };
		DBE5866CC9C9437486D79C32 /* /Users/aleks/Developer/turf-swift/Tests/TurfTests/WKTTests.swift */ = {isa = PBXFileReference; explicitFileType = sourcecode.swift; fileEncoding = 4; name = WKTTests.swift; path = Tests/TurfTests/WKTTests.swift; sourceTree = SOURCE_ROOT; };
		E1947DF3BFF34D928A564E08 /* /Users/aleks/Developer/turf-swift/Tests/TurfTests/Fixtures/simplify */ = {isa = PBXFileReference; fileEncoding = 4; lastKnownFileType = folder; name = simplify; path = Tests/TurfTests/Fixtures/simplify; sourceTree = SOURCE_ROOT; };
		E1A07FAB56D54E37BFE6785E /* /Users/aleks/Developer/turf-swift/Tests/TurfTests/Fixtures/featurecollection-no-properties.geojson */ = {isa = PBXFileReference; explicitFileType = sourcecode; fileEncoding = 4; name = "featurecollection-no-properties.geojson"; path = "Tests/TurfTests/Fixtures/featurecollection-no-properties.geojson"; sourceTree = SOURCE_ROOT; };
		ECF194D7882048A0844FC0D2 /* /Users/aleks/Developer/turf-swift/build/Tests/CMakeFiles/TurfTests.dir/Info.plist */ = {isa = PBXFileReference; explicitFileType = sourcecode.text.plist; fileEncoding = 4; name = Info.plist; path = build/Tests/CMakeFiles/TurfTests.dir/Info.plist; sourceTree = SOURCE_ROOT; };
		EDEFAC1BEF284D7792D75FC7 /* /Users/aleks/Developer/turf-swift/Sources/Turf/JSON.swift */ = {isa = PBXFileReference; explicitFileType = sourcecode.swift; fileEncoding = 4; name = JSON.swift; path = Sources/Turf/JSON.swift; sourceTree = SOURCE_ROOT; };
		EE6A3983DC6D4E52AD76B9A5 /* /Users/aleks/Developer/turf-swift/Sources/Turf/BoundingBox.swift */ = {isa = PBXFileReference; explicitFileType = sourcecode.swift; fileEncoding = 4; name = BoundingBox.swift; path = Sources/Turf/BoundingBox.swift; sourceTree = SOURCE_ROOT; };
		F2CB52610F864A9A8864030A /* /Users/aleks/Developer/turf-swift/Sources/Turf/Simplifier.swift */ = {isa = PBXFileReference; explicitFileType = sourcecode.swift; fileEncoding = 4; name = Simplifier.swift; path = Sources/Turf/Simplifier.swift; sourceTree = SOURCE_ROOT; };
		F6B5EB871843493290EF9D07 /* /Users/aleks/Developer/turf-swift/Sources/Turf/Geometries/MultiPoint.swift */ = {isa = PBXFileReference; explicitFileType = sourcecode.swift; fileEncoding = 4; name = MultiPoint.swift; path = Sources/Turf/Geometries/MultiPoint.swift; sourceTree = SOURCE_ROOT; };
/* End PBXFileReference section */

/* Begin PBXFrameworksBuildPhase section */
		1B4BADAC92B741C693EFC782 /* Frameworks */ = {
			isa = PBXFrameworksBuildPhase;
			buildActionMask = 2147483647;
			files = (
			);
			runOnlyForDeploymentPostprocessing = 0;
		};
		80DFB014A9D647679992D629 /* Frameworks */ = {
			isa = PBXFrameworksBuildPhase;
			buildActionMask = 2147483647;
			files = (
			);
			runOnlyForDeploymentPostprocessing = 0;
		};
/* End PBXFrameworksBuildPhase section */

/* Begin PBXGroup section */
		5044DFC411464CE9884C243E = {
			isa = PBXGroup;
			children = (
				5666FFBC28AE4227875C91DA /* ALL_BUILD */,
				C359EF243AB741FB9386DA63 /* Turf */,
				ED84EB048BD3416695932190 /* TurfTests */,
				C29869579E1E44B7A7846CB8 /* Products */,
				BB6FA3A17FF049AB8F5073BB /* Frameworks */,
				CD8576286DD04512A8BEDF26 /* Resources */,
			);
			sourceTree = "<group>";
		};
		5666FFBC28AE4227875C91DA /* ALL_BUILD */ = {
			isa = PBXGroup;
			children = (
				E79061CE69E8463E935AFB6E /* CMake Rules */,
				33978F8A01974247B8FD11F2 /* /Users/aleks/Developer/turf-swift/CMakeLists.txt */,
			);
			name = ALL_BUILD;
			sourceTree = "<group>";
		};
		906E183E7AC84B0FBDD28711 /* Resources */ = {
			isa = PBXGroup;
			children = (
				14F0658B1FAD457588E50348 /* /Users/aleks/Developer/turf-swift/build/Sources/CMakeFiles/Turf.dir/Info.plist */,
			);
			name = Resources;
			sourceTree = "<group>";
		};
		BB6FA3A17FF049AB8F5073BB /* Frameworks */ = {
			isa = PBXGroup;
			children = (
				D3534E1CFA37419B8AE6F501 /* /Applications/Xcode.app/Contents/Developer/Platforms/iPhoneSimulator.platform/Developer/Library/Frameworks/XCTest.framework */,
			);
			name = Frameworks;
			sourceTree = "<group>";
		};
		C29869579E1E44B7A7846CB8 /* Products */ = {
			isa = PBXGroup;
			children = (
				265C40D04EB84EE99D0AF035 /* Turf */,
				762FC1D903D54BD897A9E874 /* TurfTests */,
			);
			name = Products;
			sourceTree = "<group>";
		};
		C359EF243AB741FB9386DA63 /* Turf */ = {
			isa = PBXGroup;
			children = (
				D1D25E4F0EC9494BAE4E9558 /* Header Files */,
				906E183E7AC84B0FBDD28711 /* Resources */,
				4EE6C7B6E4954CC7B1AF8E48 /* /Users/aleks/Developer/turf-swift/Sources/CMakeLists.txt */,
				EE6A3983DC6D4E52AD76B9A5 /* /Users/aleks/Developer/turf-swift/Sources/Turf/BoundingBox.swift */,
				5390DAB1605A43C68BAE7F0F /* /Users/aleks/Developer/turf-swift/Sources/Turf/Codable.swift */,
				B07A3D2185994D78A091351F /* /Users/aleks/Developer/turf-swift/Sources/Turf/Consumer/Consumer+WKT.swift */,
				0D055F73618B4957BAEAB292 /* /Users/aleks/Developer/turf-swift/Sources/Turf/Consumer/Consumer.swift */,
				83391AB9F51646539C4F6A84 /* /Users/aleks/Developer/turf-swift/Sources/Turf/CoreLocation.swift */,
				06A9EE39B6A644E49CB173D5 /* /Users/aleks/Developer/turf-swift/Sources/Turf/Feature.swift */,
				6E95374FB79B46C187B14698 /* /Users/aleks/Developer/turf-swift/Sources/Turf/FeatureCollection.swift */,
				0E23F9B956AF424EAD5B46B1 /* /Users/aleks/Developer/turf-swift/Sources/Turf/FeatureIdentifier.swift */,
				40806446BB3642E5B69B75CB /* /Users/aleks/Developer/turf-swift/Sources/Turf/GeoJSON.swift */,
				4D7584B473C34A6FB9C9FC8C /* /Users/aleks/Developer/turf-swift/Sources/Turf/Geometries/GeometryCollection.swift */,
				1A9186B25EB849AAB2EF7B8B /* /Users/aleks/Developer/turf-swift/Sources/Turf/Geometries/LineString.swift */,
				C0F1FE50992946B7A00B3B4A /* /Users/aleks/Developer/turf-swift/Sources/Turf/Geometries/MultiLineString.swift */,
				F6B5EB871843493290EF9D07 /* /Users/aleks/Developer/turf-swift/Sources/Turf/Geometries/MultiPoint.swift */,
				1F08BAEAF692483E9970B565 /* /Users/aleks/Developer/turf-swift/Sources/Turf/Geometries/MultiPolygon.swift */,
				6CC3D0CD272A4936A3147123 /* /Users/aleks/Developer/turf-swift/Sources/Turf/Geometries/Point.swift */,
				5A7CA35152E54DF9AFF069B2 /* /Users/aleks/Developer/turf-swift/Sources/Turf/Geometries/Polygon.swift */,
				D210A861A1F644BBA6827DE7 /* /Users/aleks/Developer/turf-swift/Sources/Turf/Geometry.swift */,
				EDEFAC1BEF284D7792D75FC7 /* /Users/aleks/Developer/turf-swift/Sources/Turf/JSON.swift */,
				BEDCB1BCEF5F493783A57015 /* /Users/aleks/Developer/turf-swift/Sources/Turf/RadianCoordinate2D.swift */,
				78508046DD7A4B3BA05E7E1E /* /Users/aleks/Developer/turf-swift/Sources/Turf/Ring.swift */,
				F2CB52610F864A9A8864030A /* /Users/aleks/Developer/turf-swift/Sources/Turf/Simplifier.swift */,
				4F257AFD0BC945819ADF259F /* /Users/aleks/Developer/turf-swift/Sources/Turf/Spline.swift */,
				1BB85FEDBB5F455ABE3AC15D /* /Users/aleks/Developer/turf-swift/Sources/Turf/Turf.swift */,
				2875886879FF475C864747CA /* /Users/aleks/Developer/turf-swift/Sources/Turf/WKT.swift */,
			);
			name = Turf;
			sourceTree = "<group>";
		};
		CD8576286DD04512A8BEDF26 /* Resources */ = {
			isa = PBXGroup;
			children = (
			);
			name = Resources;
			sourceTree = "<group>";
		};
		D1D25E4F0EC9494BAE4E9558 /* Header Files */ = {
			isa = PBXGroup;
			children = (
				5DBCE1B893EE4108A2D3682F /* /Users/aleks/Developer/turf-swift/Sources/Turf/Turf.h */,
			);
			name = "Header Files";
			sourceTree = "<group>";
		};
		E79061CE69E8463E935AFB6E /* CMake Rules */ = {
			isa = PBXGroup;
			children = (
			);
			name = "CMake Rules";
			sourceTree = "<group>";
		};
		ED3F5440060A45D59020C6CF /* Resources */ = {
			isa = PBXGroup;
			children = (
				ECF194D7882048A0844FC0D2 /* /Users/aleks/Developer/turf-swift/build/Tests/CMakeFiles/TurfTests.dir/Info.plist */,
			);
			name = Resources;
			sourceTree = "<group>";
		};
		ED84EB048BD3416695932190 /* TurfTests */ = {
			isa = PBXGroup;
			children = (
				ED3F5440060A45D59020C6CF /* Resources */,
				2F3D10134C4B4AAA9DE7D362 /* /Users/aleks/Developer/turf-swift/Tests/CMakeLists.txt */,
				37D8EDA9057B4FD9AA8429B5 /* /Users/aleks/Developer/turf-swift/Tests/TurfTests/BoundingBoxTests.swift */,
				BCE2FD3272E04923A7F6E2ED /* /Users/aleks/Developer/turf-swift/Tests/TurfTests/FeatureCollectionTests.swift */,
				90EB1A26A73642109F84DD1E /* /Users/aleks/Developer/turf-swift/Tests/TurfTests/Fixture.swift */,
				A42E9ED99C934A06A57BFB77 /* /Users/aleks/Developer/turf-swift/Tests/TurfTests/Fixtures/dc-line.geojson */,
				E1A07FAB56D54E37BFE6785E /* /Users/aleks/Developer/turf-swift/Tests/TurfTests/Fixtures/featurecollection-no-properties.geojson */,
				3C343066CD524074ABBB3690 /* /Users/aleks/Developer/turf-swift/Tests/TurfTests/Fixtures/featurecollection.geojson */,
				2438267A0FE84EB3A926AE0A /* /Users/aleks/Developer/turf-swift/Tests/TurfTests/Fixtures/geometry-collection.geojson */,
				6B7BABC466C84C64A43CF141 /* /Users/aleks/Developer/turf-swift/Tests/TurfTests/Fixtures/multiline.geojson */,
				19059C2A8E47405DBD3E7A22 /* /Users/aleks/Developer/turf-swift/Tests/TurfTests/Fixtures/multipoint.geojson */,
				A952D2DC12A9438E8987DB9B /* /Users/aleks/Developer/turf-swift/Tests/TurfTests/Fixtures/multipolygon.geojson */,
				0B876CB9DA7C4B87BE12B43F /* /Users/aleks/Developer/turf-swift/Tests/TurfTests/Fixtures/point.geojson */,
				D34BB88DC558468AA95DDC13 /* /Users/aleks/Developer/turf-swift/Tests/TurfTests/Fixtures/polygon.geojson */,
				44E53818CDFF409C8010EF76 /* /Users/aleks/Developer/turf-swift/Tests/TurfTests/Fixtures/simple-line.geojson */,
				E1947DF3BFF34D928A564E08 /* /Users/aleks/Developer/turf-swift/Tests/TurfTests/Fixtures/simplify */,
				19322361AE594C539724BC74 /* /Users/aleks/Developer/turf-swift/Tests/TurfTests/GeoJSONTests.swift */,
				6D19F32BEE3348E4BD4D4A2C /* /Users/aleks/Developer/turf-swift/Tests/TurfTests/GeometryCollectionTests.swift */,
				7B39A4AC033240D3B4F27E50 /* /Users/aleks/Developer/turf-swift/Tests/TurfTests/JSONTests.swift */,
				C4726B7B7824434D9D5F81FA /* /Users/aleks/Developer/turf-swift/Tests/TurfTests/LineStringTests.swift */,
				2E530E5A4F2046798C9CA639 /* /Users/aleks/Developer/turf-swift/Tests/TurfTests/LocationCoordinate2DTests.swift */,
				AB286451D372433F99ED31AC /* /Users/aleks/Developer/turf-swift/Tests/TurfTests/MultiLineStringTests.swift */,
				35DD115737C8461F96DAC8CB /* /Users/aleks/Developer/turf-swift/Tests/TurfTests/MultiPointTests.swift */,
				BE691F71480A44A0948FF0F5 /* /Users/aleks/Developer/turf-swift/Tests/TurfTests/MultiPolygonTests.swift */,
				54F3CCA2186849949FD3BD32 /* /Users/aleks/Developer/turf-swift/Tests/TurfTests/PointTests.swift */,
				44FE506266294755AA2CFD85 /* /Users/aleks/Developer/turf-swift/Tests/TurfTests/PolygonTests.swift */,
				AA3D039731604DFA82143D97 /* /Users/aleks/Developer/turf-swift/Tests/TurfTests/RadianCoordinate2DTests.swift */,
				7457FE10BBAA42EFBF97B08F /* /Users/aleks/Developer/turf-swift/Tests/TurfTests/TurfTests.swift */,
				DBE5866CC9C9437486D79C32 /* /Users/aleks/Developer/turf-swift/Tests/TurfTests/WKTTests.swift */,
			);
			name = TurfTests;
			sourceTree = "<group>";
		};
/* End PBXGroup section */

/* Begin PBXHeadersBuildPhase section */
		7D48C015585049959CBC18E0 /* Headers */ = {
			isa = PBXHeadersBuildPhase;
			buildActionMask = 2147483647;
			files = (
				D265F076AAC14F2CB18EC1CF /* /Users/aleks/Developer/turf-swift/Sources/Turf/Turf.h */,
			);
			runOnlyForDeploymentPostprocessing = 0;
		};
/* End PBXHeadersBuildPhase section */

/* Begin PBXNativeTarget section */
		40713DBDCEC144EBA811E9E5 /* Turf */ = {
			isa = PBXNativeTarget;
			buildConfigurationList = C272EAD41B8744388506D9AB /* Build configuration list for PBXNativeTarget "Turf" */;
			buildPhases = (
				7D48C015585049959CBC18E0 /* Headers */,
				A305E497923747CCA4E795A7 /* Sources */,
				1B4BADAC92B741C693EFC782 /* Frameworks */,
			);
			buildRules = (
			);
			dependencies = (
				A078FA48AC634C46BF938D52 /* PBXTargetDependency */,
			);
			name = Turf;
			productName = Turf;
			productReference = 265C40D04EB84EE99D0AF035 /* Turf */;
			productType = "com.apple.product-type.framework";
		};
		70130B5A25AD47E38DBBF7DF /* TurfTests */ = {
			isa = PBXNativeTarget;
			buildConfigurationList = 11B924D2598449DEB9F5CACA /* Build configuration list for PBXNativeTarget "TurfTests" */;
			buildPhases = (
				AFF363B3BD694004BE6A662B /* Resources */,
				992772CF43904134B129E918 /* Sources */,
				80DFB014A9D647679992D629 /* Frameworks */,
			);
			buildRules = (
			);
			dependencies = (
				F70A1F5C5667414EBC013FA1 /* PBXTargetDependency */,
				5FCEACC3A7E44DCE923844C4 /* PBXTargetDependency */,
			);
			name = TurfTests;
			productName = TurfTests;
			productReference = 762FC1D903D54BD897A9E874 /* TurfTests */;
			productType = "com.apple.product-type.bundle.unit-test";
		};
/* End PBXNativeTarget section */

/* Begin PBXProject section */
		8C825D0A66C048F2AE6D4041 /* Project object */ = {
			isa = PBXProject;
			attributes = {
				BuildIndependentTargetsInParallel = YES;
				LastUpgradeCheck = 1600;
			};
			buildConfigurationList = F596A3B8C9D84A35941BD123 /* Build configuration list for PBXProject "Turf" */;
			buildSettings = {
			};
			buildStyles = (
				2688EEC57D5C4B15AF7C6153 /* Debug */,
				4BCC5BE018944EC1AA173487 /* Release */,
				12CB9ACD75404FC9A31E7042 /* MinSizeRel */,
				2BE658994DAC40688CCFE531 /* RelWithDebInfo */,
			);
			compatibilityVersion = "Xcode 3.2";
			hasScannedForEncodings = 0;
			mainGroup = 5044DFC411464CE9884C243E;
			projectDirPath = "/Users/aleks/Developer/turf-swift";
			projectRoot = "";
			targets = (
				51542EF74E69486F9388FE64 /* ALL_BUILD */,
				1097E08171F745ADA77ACE5C /* RUN_TESTS */,
				40713DBDCEC144EBA811E9E5 /* Turf */,
				70130B5A25AD47E38DBBF7DF /* TurfTests */,
				E88B33A18E3D4A1DBDCF9BEC /* ZERO_CHECK */,
				03728076308F43DBB980238A /* install */,
			);
		};
/* End PBXProject section */

/* Begin PBXShellScriptBuildPhase section */
		003C8D08B0008F35F218E126 /* CMake PostBuild Rules */ = {
			isa = PBXShellScriptBuildPhase;
			alwaysOutOfDate = 1;
			buildActionMask = 2147483647;
			files = (
			);
			name = "CMake PostBuild Rules";
			outputPaths = (
			);
			runOnlyForDeploymentPostprocessing = 0;
			shellPath = /bin/sh;
			shellScript = "set -e
if test \"$CONFIGURATION\" = \"Debug\"; then :
  cd /Users/aleks/Developer/turf-swift/build
  /opt/homebrew/Cellar/cmake/3.29.3/bin/ctest --force-new-ctest-process -C $CONFIGURATION$EFFECTIVE_PLATFORM_NAME
fi
if test \"$CONFIGURATION\" = \"Release\"; then :
  cd /Users/aleks/Developer/turf-swift/build
  /opt/homebrew/Cellar/cmake/3.29.3/bin/ctest --force-new-ctest-process -C $CONFIGURATION$EFFECTIVE_PLATFORM_NAME
fi
if test \"$CONFIGURATION\" = \"MinSizeRel\"; then :
  cd /Users/aleks/Developer/turf-swift/build
  /opt/homebrew/Cellar/cmake/3.29.3/bin/ctest --force-new-ctest-process -C $CONFIGURATION$EFFECTIVE_PLATFORM_NAME
fi
if test \"$CONFIGURATION\" = \"RelWithDebInfo\"; then :
  cd /Users/aleks/Developer/turf-swift/build
  /opt/homebrew/Cellar/cmake/3.29.3/bin/ctest --force-new-ctest-process -C $CONFIGURATION$EFFECTIVE_PLATFORM_NAME
fi
";
			showEnvVarsInLog = 0;
		};
		3C0110FC8322DE7E50886E21 = {
			isa = PBXShellScriptBuildPhase;
			buildActionMask = 2147483647;
			files = (
			);
			inputPaths = (
			);
			outputPaths = (
			);
			runOnlyForDeploymentPostprocessing = 0;
			shellPath = /bin/sh;
			shellScript = "# shell script goes here
exit 0";
			showEnvVarsInLog = 0;
		};
		3E905B8775A2823E46D95101 /* Generate CMakeFiles/ZERO_CHECK */ = {
			isa = PBXShellScriptBuildPhase;
			alwaysOutOfDate = 1;
			buildActionMask = 2147483647;
			files = (
			);
			inputPaths = (
			);
			name = "Generate CMakeFiles/ZERO_CHECK";
			outputPaths = (
"/Users/aleks/Developer/turf-swift/build/CMakeFiles/ZERO_CHECK"			);
			runOnlyForDeploymentPostprocessing = 0;
			shellPath = /bin/sh;
			shellScript = "set -e
if test \"$CONFIGURATION\" = \"Debug\"; then :
  cd /Users/aleks/Developer/turf-swift/build
  make -f /Users/aleks/Developer/turf-swift/build/CMakeScripts/ReRunCMake.make
fi
if test \"$CONFIGURATION\" = \"Release\"; then :
  cd /Users/aleks/Developer/turf-swift/build
  make -f /Users/aleks/Developer/turf-swift/build/CMakeScripts/ReRunCMake.make
fi
if test \"$CONFIGURATION\" = \"MinSizeRel\"; then :
  cd /Users/aleks/Developer/turf-swift/build
  make -f /Users/aleks/Developer/turf-swift/build/CMakeScripts/ReRunCMake.make
fi
if test \"$CONFIGURATION\" = \"RelWithDebInfo\"; then :
  cd /Users/aleks/Developer/turf-swift/build
  make -f /Users/aleks/Developer/turf-swift/build/CMakeScripts/ReRunCMake.make
fi
";
			showEnvVarsInLog = 0;
		};
		87AF4882E018677E2624B544 = {
			isa = PBXShellScriptBuildPhase;
			buildActionMask = 2147483647;
			files = (
			);
			inputPaths = (
			);
			outputPaths = (
			);
			runOnlyForDeploymentPostprocessing = 0;
			shellPath = /bin/sh;
			shellScript = "# shell script goes here
exit 0";
			showEnvVarsInLog = 0;
		};
		910A41151295C5F9742C25BD = {
			isa = PBXShellScriptBuildPhase;
			buildActionMask = 2147483647;
			files = (
			);
			inputPaths = (
			);
			outputPaths = (
			);
			runOnlyForDeploymentPostprocessing = 0;
			shellPath = /bin/sh;
			shellScript = "# shell script goes here
exit 0";
			showEnvVarsInLog = 0;
		};
		93426DA6A4AC2C2AC9CE883C /* CMake PostBuild Rules */ = {
			isa = PBXShellScriptBuildPhase;
			alwaysOutOfDate = 1;
			buildActionMask = 2147483647;
			files = (
			);
			name = "CMake PostBuild Rules";
			outputPaths = (
			);
			runOnlyForDeploymentPostprocessing = 0;
			shellPath = /bin/sh;
			shellScript = "set -e
if test \"$CONFIGURATION\" = \"Debug\"; then :
  cd /Users/aleks/Developer/turf-swift/build
  /opt/homebrew/Cellar/cmake/3.29.3/bin/cmake -DBUILD_TYPE=$CONFIGURATION -DEFFECTIVE_PLATFORM_NAME=$EFFECTIVE_PLATFORM_NAME -P cmake_install.cmake
fi
if test \"$CONFIGURATION\" = \"Release\"; then :
  cd /Users/aleks/Developer/turf-swift/build
  /opt/homebrew/Cellar/cmake/3.29.3/bin/cmake -DBUILD_TYPE=$CONFIGURATION -DEFFECTIVE_PLATFORM_NAME=$EFFECTIVE_PLATFORM_NAME -P cmake_install.cmake
fi
if test \"$CONFIGURATION\" = \"MinSizeRel\"; then :
  cd /Users/aleks/Developer/turf-swift/build
  /opt/homebrew/Cellar/cmake/3.29.3/bin/cmake -DBUILD_TYPE=$CONFIGURATION -DEFFECTIVE_PLATFORM_NAME=$EFFECTIVE_PLATFORM_NAME -P cmake_install.cmake
fi
if test \"$CONFIGURATION\" = \"RelWithDebInfo\"; then :
  cd /Users/aleks/Developer/turf-swift/build
  /opt/homebrew/Cellar/cmake/3.29.3/bin/cmake -DBUILD_TYPE=$CONFIGURATION -DEFFECTIVE_PLATFORM_NAME=$EFFECTIVE_PLATFORM_NAME -P cmake_install.cmake
fi
";
			showEnvVarsInLog = 0;
		};
		9B50530E35CC49C82C2FACCF = {
			isa = PBXShellScriptBuildPhase;
			buildActionMask = 2147483647;
			files = (
			);
			inputPaths = (
			);
			outputPaths = (
			);
			runOnlyForDeploymentPostprocessing = 0;
			shellPath = /bin/sh;
			shellScript = "# shell script goes here
exit 0";
			showEnvVarsInLog = 0;
		};
		F0E362A4674E1434EB6C5FF5 /* Generate CMakeFiles/ALL_BUILD */ = {
			isa = PBXShellScriptBuildPhase;
			alwaysOutOfDate = 1;
			buildActionMask = 2147483647;
			files = (
			);
			inputPaths = (
			);
			name = "Generate CMakeFiles/ALL_BUILD";
			outputPaths = (
"/Users/aleks/Developer/turf-swift/build/CMakeFiles/ALL_BUILD"			);
			runOnlyForDeploymentPostprocessing = 0;
			shellPath = /bin/sh;
			shellScript = "set -e
if test \"$CONFIGURATION\" = \"Debug\"; then :
  cd /Users/aleks/Developer/turf-swift/build
  echo Build\\ all\\ projects
fi
if test \"$CONFIGURATION\" = \"Release\"; then :
  cd /Users/aleks/Developer/turf-swift/build
  echo Build\\ all\\ projects
fi
if test \"$CONFIGURATION\" = \"MinSizeRel\"; then :
  cd /Users/aleks/Developer/turf-swift/build
  echo Build\\ all\\ projects
fi
if test \"$CONFIGURATION\" = \"RelWithDebInfo\"; then :
  cd /Users/aleks/Developer/turf-swift/build
  echo Build\\ all\\ projects
fi
";
			showEnvVarsInLog = 0;
		};
/* End PBXShellScriptBuildPhase section */

/* Begin PBXResourcesBuildPhase section */
		AFF363B3BD694004BE6A662B /* Resources */ = {
			isa = PBXResourcesBuildPhase;
			buildActionMask = 2147483647;
			files = (
				39975EAD2C46493FBFA2C71E /* /Users/aleks/Developer/turf-swift/Tests/TurfTests/Fixtures/dc-line.geojson */,
				01363AD5CA3C4946A1708F36 /* /Users/aleks/Developer/turf-swift/Tests/TurfTests/Fixtures/featurecollection-no-properties.geojson */,
				F5C234A3CC0444E997B2A4CE /* /Users/aleks/Developer/turf-swift/Tests/TurfTests/Fixtures/featurecollection.geojson */,
				6BDE091797B84C3DB9E4C9E1 /* /Users/aleks/Developer/turf-swift/Tests/TurfTests/Fixtures/geometry-collection.geojson */,
				FE424F202FF4400D9B619F64 /* /Users/aleks/Developer/turf-swift/Tests/TurfTests/Fixtures/multiline.geojson */,
				EDB6A195B926451CBA52F481 /* /Users/aleks/Developer/turf-swift/Tests/TurfTests/Fixtures/multipoint.geojson */,
				488CA364D7374911B57BF63B /* /Users/aleks/Developer/turf-swift/Tests/TurfTests/Fixtures/multipolygon.geojson */,
				D13E52FE2061461C87E5FA7A /* /Users/aleks/Developer/turf-swift/Tests/TurfTests/Fixtures/point.geojson */,
				8AE8AECE9A1844158B7B0B08 /* /Users/aleks/Developer/turf-swift/Tests/TurfTests/Fixtures/polygon.geojson */,
				1423D1845C504814B404B439 /* /Users/aleks/Developer/turf-swift/Tests/TurfTests/Fixtures/simple-line.geojson */,
				891866475CEC4530AB51C155 /* /Users/aleks/Developer/turf-swift/Tests/TurfTests/Fixtures/simplify */,
			);
			runOnlyForDeploymentPostprocessing = 0;
		};
/* End PBXResourcesBuildPhase section */

/* Begin PBXSourcesBuildPhase section */
		992772CF43904134B129E918 /* Sources */ = {
			isa = PBXSourcesBuildPhase;
			buildActionMask = 2147483647;
			files = (
				12C24873A68641278294128E /* /Users/aleks/Developer/turf-swift/Tests/TurfTests/BoundingBoxTests.swift */,
				5A53BF8B72D14C86B040A2FE /* /Users/aleks/Developer/turf-swift/Tests/TurfTests/FeatureCollectionTests.swift */,
				E1A9F4FC18B54EAD9D992EF2 /* /Users/aleks/Developer/turf-swift/Tests/TurfTests/Fixture.swift */,
				6E199F9B1EF6466DA6D333B6 /* /Users/aleks/Developer/turf-swift/Tests/TurfTests/GeoJSONTests.swift */,
				50E0AE3CD9A64B0290D7E20A /* /Users/aleks/Developer/turf-swift/Tests/TurfTests/GeometryCollectionTests.swift */,
				DDC659F44A8E469285FEC81D /* /Users/aleks/Developer/turf-swift/Tests/TurfTests/JSONTests.swift */,
				5781C0F4781244B19BB96492 /* /Users/aleks/Developer/turf-swift/Tests/TurfTests/LineStringTests.swift */,
				FABFC56340FE46DDB048B1D2 /* /Users/aleks/Developer/turf-swift/Tests/TurfTests/LocationCoordinate2DTests.swift */,
				26D38ADDAAF0449D938DACDE /* /Users/aleks/Developer/turf-swift/Tests/TurfTests/MultiLineStringTests.swift */,
				812C2288602E484D96FC31F7 /* /Users/aleks/Developer/turf-swift/Tests/TurfTests/MultiPointTests.swift */,
				1543AEE6ED984FA18D99DBB0 /* /Users/aleks/Developer/turf-swift/Tests/TurfTests/MultiPolygonTests.swift */,
				0A8D2697EBA841F1B4034F65 /* /Users/aleks/Developer/turf-swift/Tests/TurfTests/PointTests.swift */,
				F8598256DF4A4DC4BA2B3AA5 /* /Users/aleks/Developer/turf-swift/Tests/TurfTests/PolygonTests.swift */,
				8DE875A9BAE44434827E8DE6 /* /Users/aleks/Developer/turf-swift/Tests/TurfTests/RadianCoordinate2DTests.swift */,
				28488D054844436FB452F729 /* /Users/aleks/Developer/turf-swift/Tests/TurfTests/TurfTests.swift */,
				1E032F831A314648A5F401B1 /* /Users/aleks/Developer/turf-swift/Tests/TurfTests/WKTTests.swift */,
			);
			runOnlyForDeploymentPostprocessing = 0;
		};
		A305E497923747CCA4E795A7 /* Sources */ = {
			isa = PBXSourcesBuildPhase;
			buildActionMask = 2147483647;
			files = (
				0F5E1BBFA06C4BFF9AC9FCFA /* /Users/aleks/Developer/turf-swift/Sources/Turf/BoundingBox.swift */,
				069E9281DD8D4737861C427E /* /Users/aleks/Developer/turf-swift/Sources/Turf/Codable.swift */,
				698766083ED747F0A3B8E870 /* /Users/aleks/Developer/turf-swift/Sources/Turf/Consumer/Consumer+WKT.swift */,
				26F4118C275645E789CC1651 /* /Users/aleks/Developer/turf-swift/Sources/Turf/Consumer/Consumer.swift */,
				EAA3ECF3505C4928BD31455E /* /Users/aleks/Developer/turf-swift/Sources/Turf/CoreLocation.swift */,
				A3CED4135B7748B6AFEA1D48 /* /Users/aleks/Developer/turf-swift/Sources/Turf/Feature.swift */,
				53343D146453482B86CFA6CD /* /Users/aleks/Developer/turf-swift/Sources/Turf/FeatureCollection.swift */,
				4F7D776A682F465C8E064562 /* /Users/aleks/Developer/turf-swift/Sources/Turf/FeatureIdentifier.swift */,
				F7B5F73177244F1BAAF61122 /* /Users/aleks/Developer/turf-swift/Sources/Turf/GeoJSON.swift */,
				D241C8D0BAC14FA599861C15 /* /Users/aleks/Developer/turf-swift/Sources/Turf/Geometries/GeometryCollection.swift */,
				594219724B8440439A48B9A2 /* /Users/aleks/Developer/turf-swift/Sources/Turf/Geometries/LineString.swift */,
				E55F78D304E6487DB90787B9 /* /Users/aleks/Developer/turf-swift/Sources/Turf/Geometries/MultiLineString.swift */,
				9AB181A7846747158DC319BC /* /Users/aleks/Developer/turf-swift/Sources/Turf/Geometries/MultiPoint.swift */,
				8BFE43DB08F64511A4097A71 /* /Users/aleks/Developer/turf-swift/Sources/Turf/Geometries/MultiPolygon.swift */,
				82C8CCB1D79B4C8292945ADA /* /Users/aleks/Developer/turf-swift/Sources/Turf/Geometries/Point.swift */,
				563BE1723A704A91B0C27EB3 /* /Users/aleks/Developer/turf-swift/Sources/Turf/Geometries/Polygon.swift */,
				95BDF07F5C154DD2A5A36C67 /* /Users/aleks/Developer/turf-swift/Sources/Turf/Geometry.swift */,
				3D1C297C3E3E4979AEC91826 /* /Users/aleks/Developer/turf-swift/Sources/Turf/JSON.swift */,
				FBBFAC7CEB8C48ABBCBBD95A /* /Users/aleks/Developer/turf-swift/Sources/Turf/RadianCoordinate2D.swift */,
				C622A2F983B94B35A56CFE48 /* /Users/aleks/Developer/turf-swift/Sources/Turf/Ring.swift */,
				F0A1F48E38444EDE86CD2C1B /* /Users/aleks/Developer/turf-swift/Sources/Turf/Simplifier.swift */,
				160CC55B7DB049F98C2D69FA /* /Users/aleks/Developer/turf-swift/Sources/Turf/Spline.swift */,
				C4DDC224B41C4A8082C0D9EE /* /Users/aleks/Developer/turf-swift/Sources/Turf/Turf.swift */,
				EF8BC7DD7B9A468EA42D8472 /* /Users/aleks/Developer/turf-swift/Sources/Turf/WKT.swift */,
			);
			runOnlyForDeploymentPostprocessing = 0;
		};
/* End PBXSourcesBuildPhase section */

/* Begin PBXTargetDependency section */
		1600898F5E2940BF89671986 /* PBXTargetDependency */ = {
			isa = PBXTargetDependency;
			target = E88B33A18E3D4A1DBDCF9BEC /* ZERO_CHECK */;
			targetProxy = 30EBF052DC674108BDA19054 /* PBXContainerItemProxy */;
		};
		5FCEACC3A7E44DCE923844C4 /* PBXTargetDependency */ = {
			isa = PBXTargetDependency;
			target = 40713DBDCEC144EBA811E9E5 /* Turf */;
			targetProxy = AC70E82FE6D0421794BC483A /* PBXContainerItemProxy */;
		};
		6C3C53FA00034426A2D02DD0 /* PBXTargetDependency */ = {
			isa = PBXTargetDependency;
			target = 51542EF74E69486F9388FE64 /* ALL_BUILD */;
			targetProxy = C64CDAA6408F4572A95DC3F5 /* PBXContainerItemProxy */;
		};
		A078FA48AC634C46BF938D52 /* PBXTargetDependency */ = {
			isa = PBXTargetDependency;
			target = E88B33A18E3D4A1DBDCF9BEC /* ZERO_CHECK */;
			targetProxy = DF696AFF8991442AA78EA054 /* PBXContainerItemProxy */;
		};
		CFE7F696A09140A584E74C09 /* PBXTargetDependency */ = {
			isa = PBXTargetDependency;
			target = 40713DBDCEC144EBA811E9E5 /* Turf */;
			targetProxy = 6B3F72C3BEAE48A1A596D698 /* PBXContainerItemProxy */;
		};
		F70A1F5C5667414EBC013FA1 /* PBXTargetDependency */ = {
			isa = PBXTargetDependency;
			target = E88B33A18E3D4A1DBDCF9BEC /* ZERO_CHECK */;
			targetProxy = 560DEAF314E5433CBAA1E911 /* PBXContainerItemProxy */;
		};
/* End PBXTargetDependency section */

/* Begin XCBuildConfiguration section */
		050A5F0E12D444F19853DF29 /* RelWithDebInfo */ = {
			isa = XCBuildConfiguration;
			buildSettings = {
				ALWAYS_EMBED_SWIFT_STANDARD_LIBRARIESS = YES;
				ALWAYS_SEARCH_USER_PATHS = NO;
				CODE_SIGN_IDENTITY = "";
				COMBINE_HIDPI_IMAGES = YES;
				CONFIGURATION_BUILD_DIR = "/Users/aleks/Developer/turf-swift/build/Tests/RelWithDebInfo${EFFECTIVE_PLATFORM_NAME}";
				EXECUTABLE_PREFIX = "";
				EXECUTABLE_SUFFIX = "";
				FRAMEWORK_SEARCH_PATHS = (/Applications/Xcode.app/Contents/Developer/Platforms/iPhoneSimulator.platform/Developer/Library/Frameworks,"/Users/aleks/Developer/turf-swift/build/Sources/RelWithDebInfo${EFFECTIVE_PLATFORM_NAME}","$(inherited)");
				GCC_GENERATE_DEBUGGING_SYMBOLS = YES;
				GCC_INLINES_ARE_PRIVATE_EXTERN = NO;
				GCC_OPTIMIZATION_LEVEL = 1;
				GCC_PREPROCESSOR_DEFINITIONS = ("'CMAKE_INTDIR=\"$(CONFIGURATION)$(EFFECTIVE_PLATFORM_NAME)\"'",TurfTests_EXPORTS,"$(inherited)");
				GCC_SYMBOLS_PRIVATE_EXTERN = NO;
				HEADER_SEARCH_PATHS = ("/Users/aleks/Developer/turf-swift/build/Sources","$(inherited)");
				INFOPLIST_FILE = "/Users/aleks/Developer/turf-swift/build/Tests/CMakeFiles/TurfTests.dir/Info.plist";
				INSTALL_PATH = "";
				LD_RUNPATH_SEARCH_PATHS = ("/Applications/Xcode.app/Contents/Developer/Platforms/iPhoneSimulator.platform/Developer/Library/Frameworks /Users/aleks/Developer/turf-swift/build/Sources/RelWithDebInfo${EFFECTIVE_PLATFORM_NAME}","$(inherited)");
				LIBRARY_STYLE = BUNDLE;
				OTHER_LDFLAGS = (" -bundle","-framework Foundation","-Xlinker -framework -Xlinker XCTest","/Users/aleks/Developer/turf-swift/build/Sources/RelWithDebInfo${EFFECTIVE_PLATFORM_NAME}/Turf.framework/Turf","$(inherited)");
				OTHER_REZFLAGS = "";
				OTHER_SWIFT_FLAGS = ("      -swift-version 5.0 ","$(inherited)");
				PRODUCT_BUNDLE_IDENTIFIER = com.mapbox.TurfTests;
				PRODUCT_NAME = TurfTests;
				SECTORDER_FLAGS = "";
				SWIFT_ACTIVE_COMPILATION_CONDITIONS = ("$(inherited)");
				SWIFT_INCLUDE_PATHS = ("/Users/aleks/Developer/turf-swift/build/Sources","$(inherited)");
				TARGET_TEMP_DIR = "/Users/aleks/Developer/turf-swift/build/build/TurfTests.build/$(CONFIGURATION)$(EFFECTIVE_PLATFORM_NAME)";
				USE_HEADERMAP = NO;
				WARNING_CFLAGS = ("$(inherited)");
				WRAPPER_EXTENSION = xctest;
			};
			name = RelWithDebInfo;
		};
		08CB6F749E8F43C5B4A3B549 /* RelWithDebInfo */ = {
			isa = XCBuildConfiguration;
			buildSettings = {
				ALWAYS_SEARCH_USER_PATHS = NO;
				COMBINE_HIDPI_IMAGES = YES;
				GCC_GENERATE_DEBUGGING_SYMBOLS = YES;
				GCC_INLINES_ARE_PRIVATE_EXTERN = NO;
				GCC_OPTIMIZATION_LEVEL = 0;
				GCC_PREPROCESSOR_DEFINITIONS = ("'CMAKE_INTDIR=\"$(CONFIGURATION)$(EFFECTIVE_PLATFORM_NAME)\"'","$(inherited)");
				GCC_SYMBOLS_PRIVATE_EXTERN = NO;
				INSTALL_PATH = "";
				OTHER_LDFLAGS = ("","$(inherited)");
				OTHER_REZFLAGS = "";
				PRODUCT_NAME = RUN_TESTS;
				SECTORDER_FLAGS = "";
				USE_HEADERMAP = NO;
				WARNING_CFLAGS = ("$(inherited)");
			};
			name = RelWithDebInfo;
		};
		0A913FE2C6E444498BBD2264 /* RelWithDebInfo */ = {
			isa = XCBuildConfiguration;
			buildSettings = {
				ALWAYS_SEARCH_USER_PATHS = NO;
				COMBINE_HIDPI_IMAGES = YES;
				CONFIGURATION_BUILD_DIR = "/Users/aleks/Developer/turf-swift/build/Sources/RelWithDebInfo${EFFECTIVE_PLATFORM_NAME}";
				DYLIB_COMPATIBILITY_VERSION = 1;
				DYLIB_CURRENT_VERSION = 32;
				EXECUTABLE_PREFIX = "";
				EXECUTABLE_SUFFIX = "";
				FRAMEWORK_VERSION = 3.0.0;
				GCC_GENERATE_DEBUGGING_SYMBOLS = YES;
				GCC_INLINES_ARE_PRIVATE_EXTERN = NO;
				GCC_OPTIMIZATION_LEVEL = 1;
				GCC_PREPROCESSOR_DEFINITIONS = ("'CMAKE_INTDIR=\"$(CONFIGURATION)$(EFFECTIVE_PLATFORM_NAME)\"'",Turf_EXPORTS,"$(inherited)");
				GCC_SYMBOLS_PRIVATE_EXTERN = NO;
				INFOPLIST_FILE = "/Users/aleks/Developer/turf-swift/build/Sources/CMakeFiles/Turf.dir/Info.plist";
				INSTALL_PATH = "@rpath";
				LIBRARY_STYLE = DYNAMIC;
				OTHER_LDFLAGS = ("","$(inherited)");
				OTHER_REZFLAGS = "";
				OTHER_SWIFT_FLAGS = ("      -swift-version 5.0 ","$(inherited)");
				PRODUCT_NAME = Turf;
				SECTORDER_FLAGS = "";
				SWIFT_ACTIVE_COMPILATION_CONDITIONS = ("$(inherited)");
				TARGET_TEMP_DIR = "/Users/aleks/Developer/turf-swift/build/build/Turf.build/$(CONFIGURATION)$(EFFECTIVE_PLATFORM_NAME)";
				USE_HEADERMAP = NO;
				WARNING_CFLAGS = ("$(inherited)");
			};
			name = RelWithDebInfo;
		};
		100841A5227D42F0B585488A /* Release */ = {
			isa = XCBuildConfiguration;
			buildSettings = {
				ALWAYS_SEARCH_USER_PATHS = NO;
				COMBINE_HIDPI_IMAGES = YES;
				GCC_GENERATE_DEBUGGING_SYMBOLS = YES;
				GCC_INLINES_ARE_PRIVATE_EXTERN = NO;
				GCC_OPTIMIZATION_LEVEL = 0;
				GCC_PREPROCESSOR_DEFINITIONS = ("'CMAKE_INTDIR=\"$(CONFIGURATION)$(EFFECTIVE_PLATFORM_NAME)\"'","$(inherited)");
				GCC_SYMBOLS_PRIVATE_EXTERN = NO;
				INSTALL_PATH = "";
				OTHER_LDFLAGS = ("","$(inherited)");
				OTHER_REZFLAGS = "";
				PRODUCT_NAME = ZERO_CHECK;
				SECTORDER_FLAGS = "";
				USE_HEADERMAP = NO;
				WARNING_CFLAGS = ("$(inherited)");
			};
			name = Release;
		};
		102004ABFB254163ABEA91CD /* Release */ = {
			isa = XCBuildConfiguration;
			buildSettings = {
				ALWAYS_EMBED_SWIFT_STANDARD_LIBRARIESS = YES;
				ALWAYS_SEARCH_USER_PATHS = NO;
				CODE_SIGN_IDENTITY = "";
				COMBINE_HIDPI_IMAGES = YES;
				CONFIGURATION_BUILD_DIR = "/Users/aleks/Developer/turf-swift/build/Tests/Release${EFFECTIVE_PLATFORM_NAME}";
				EXECUTABLE_PREFIX = "";
				EXECUTABLE_SUFFIX = "";
				FRAMEWORK_SEARCH_PATHS = (/Applications/Xcode.app/Contents/Developer/Platforms/iPhoneSimulator.platform/Developer/Library/Frameworks,"/Users/aleks/Developer/turf-swift/build/Sources/Release${EFFECTIVE_PLATFORM_NAME}","$(inherited)");
				GCC_GENERATE_DEBUGGING_SYMBOLS = NO;
				GCC_INLINES_ARE_PRIVATE_EXTERN = NO;
				GCC_OPTIMIZATION_LEVEL = 1;
				GCC_PREPROCESSOR_DEFINITIONS = ("'CMAKE_INTDIR=\"$(CONFIGURATION)$(EFFECTIVE_PLATFORM_NAME)\"'",TurfTests_EXPORTS,"$(inherited)");
				GCC_SYMBOLS_PRIVATE_EXTERN = NO;
				HEADER_SEARCH_PATHS = ("/Users/aleks/Developer/turf-swift/build/Sources","$(inherited)");
				INFOPLIST_FILE = "/Users/aleks/Developer/turf-swift/build/Tests/CMakeFiles/TurfTests.dir/Info.plist";
				INSTALL_PATH = "";
				LD_RUNPATH_SEARCH_PATHS = ("/Applications/Xcode.app/Contents/Developer/Platforms/iPhoneSimulator.platform/Developer/Library/Frameworks /Users/aleks/Developer/turf-swift/build/Sources/Release${EFFECTIVE_PLATFORM_NAME}","$(inherited)");
				LIBRARY_STYLE = BUNDLE;
				OTHER_LDFLAGS = (" -bundle","-framework Foundation","-Xlinker -framework -Xlinker XCTest","/Users/aleks/Developer/turf-swift/build/Sources/Release${EFFECTIVE_PLATFORM_NAME}/Turf.framework/Turf","$(inherited)");
				OTHER_REZFLAGS = "";
				OTHER_SWIFT_FLAGS = ("   -swift-version 5.0 ","$(inherited)");
				PRODUCT_BUNDLE_IDENTIFIER = com.mapbox.TurfTests;
				PRODUCT_NAME = TurfTests;
				SECTORDER_FLAGS = "";
				SWIFT_ACTIVE_COMPILATION_CONDITIONS = ("$(inherited)");
				SWIFT_INCLUDE_PATHS = ("/Users/aleks/Developer/turf-swift/build/Sources","$(inherited)");
				TARGET_TEMP_DIR = "/Users/aleks/Developer/turf-swift/build/build/TurfTests.build/$(CONFIGURATION)$(EFFECTIVE_PLATFORM_NAME)";
				USE_HEADERMAP = NO;
				WARNING_CFLAGS = ("$(inherited)");
				WRAPPER_EXTENSION = xctest;
			};
			name = Release;
		};
		297B3026FD3C4C5D897DB177 /* Release */ = {
			isa = XCBuildConfiguration;
			buildSettings = {
				ALWAYS_SEARCH_USER_PATHS = NO;
				COMBINE_HIDPI_IMAGES = YES;
				CONFIGURATION_BUILD_DIR = "/Users/aleks/Developer/turf-swift/build/Sources/Release${EFFECTIVE_PLATFORM_NAME}";
				DYLIB_COMPATIBILITY_VERSION = 1;
				DYLIB_CURRENT_VERSION = 32;
				EXECUTABLE_PREFIX = "";
				EXECUTABLE_SUFFIX = "";
				FRAMEWORK_VERSION = 3.0.0;
				GCC_GENERATE_DEBUGGING_SYMBOLS = NO;
				GCC_INLINES_ARE_PRIVATE_EXTERN = NO;
				GCC_OPTIMIZATION_LEVEL = 1;
				GCC_PREPROCESSOR_DEFINITIONS = ("'CMAKE_INTDIR=\"$(CONFIGURATION)$(EFFECTIVE_PLATFORM_NAME)\"'",Turf_EXPORTS,"$(inherited)");
				GCC_SYMBOLS_PRIVATE_EXTERN = NO;
				INFOPLIST_FILE = "/Users/aleks/Developer/turf-swift/build/Sources/CMakeFiles/Turf.dir/Info.plist";
				INSTALL_PATH = "@rpath";
				LIBRARY_STYLE = DYNAMIC;
				OTHER_LDFLAGS = ("","$(inherited)");
				OTHER_REZFLAGS = "";
				OTHER_SWIFT_FLAGS = ("   -swift-version 5.0 ","$(inherited)");
				PRODUCT_NAME = Turf;
				SECTORDER_FLAGS = "";
				SWIFT_ACTIVE_COMPILATION_CONDITIONS = ("$(inherited)");
				TARGET_TEMP_DIR = "/Users/aleks/Developer/turf-swift/build/build/Turf.build/$(CONFIGURATION)$(EFFECTIVE_PLATFORM_NAME)";
				USE_HEADERMAP = NO;
				WARNING_CFLAGS = ("$(inherited)");
			};
			name = Release;
		};
		30EC32A4C12E4A10B8B4C13C /* MinSizeRel */ = {
			isa = XCBuildConfiguration;
			buildSettings = {
				ALWAYS_SEARCH_USER_PATHS = NO;
				COMBINE_HIDPI_IMAGES = YES;
				CONFIGURATION_BUILD_DIR = "/Users/aleks/Developer/turf-swift/build/Sources/MinSizeRel${EFFECTIVE_PLATFORM_NAME}";
				DYLIB_COMPATIBILITY_VERSION = 1;
				DYLIB_CURRENT_VERSION = 32;
				EXECUTABLE_PREFIX = "";
				EXECUTABLE_SUFFIX = "";
				FRAMEWORK_VERSION = 3.0.0;
				GCC_GENERATE_DEBUGGING_SYMBOLS = NO;
				GCC_INLINES_ARE_PRIVATE_EXTERN = NO;
				GCC_OPTIMIZATION_LEVEL = 0;
				GCC_PREPROCESSOR_DEFINITIONS = ("'CMAKE_INTDIR=\"$(CONFIGURATION)$(EFFECTIVE_PLATFORM_NAME)\"'",Turf_EXPORTS,"$(inherited)");
				GCC_SYMBOLS_PRIVATE_EXTERN = NO;
				INFOPLIST_FILE = "/Users/aleks/Developer/turf-swift/build/Sources/CMakeFiles/Turf.dir/Info.plist";
				INSTALL_PATH = "@rpath";
				LIBRARY_STYLE = DYNAMIC;
				OTHER_LDFLAGS = ("","$(inherited)");
				OTHER_REZFLAGS = "";
				OTHER_SWIFT_FLAGS = ("-Osize -swift-version 5.0 ","$(inherited)");
				PRODUCT_NAME = Turf;
				SECTORDER_FLAGS = "";
				SWIFT_ACTIVE_COMPILATION_CONDITIONS = ("$(inherited)");
				TARGET_TEMP_DIR = "/Users/aleks/Developer/turf-swift/build/build/Turf.build/$(CONFIGURATION)$(EFFECTIVE_PLATFORM_NAME)";
				USE_HEADERMAP = NO;
				WARNING_CFLAGS = ("$(inherited)");
			};
			name = MinSizeRel;
		};
		34D581755F9E43CFBEB4CE0E /* Debug */ = {
			isa = XCBuildConfiguration;
			buildSettings = {
				ALWAYS_SEARCH_USER_PATHS = NO;
				COMBINE_HIDPI_IMAGES = YES;
				GCC_GENERATE_DEBUGGING_SYMBOLS = YES;
				GCC_INLINES_ARE_PRIVATE_EXTERN = NO;
				GCC_OPTIMIZATION_LEVEL = 0;
				GCC_PREPROCESSOR_DEFINITIONS = ("'CMAKE_INTDIR=\"$(CONFIGURATION)$(EFFECTIVE_PLATFORM_NAME)\"'","$(inherited)");
				GCC_SYMBOLS_PRIVATE_EXTERN = NO;
				INSTALL_PATH = "";
				OTHER_LDFLAGS = ("","$(inherited)");
				OTHER_REZFLAGS = "";
				PRODUCT_NAME = ZERO_CHECK;
				SECTORDER_FLAGS = "";
				USE_HEADERMAP = NO;
				WARNING_CFLAGS = ("$(inherited)");
			};
			name = Debug;
		};
		361EDEE2A94747E38FD1BA4C /* Debug */ = {
			isa = XCBuildConfiguration;
			buildSettings = {
				ALWAYS_SEARCH_USER_PATHS = NO;
				COMBINE_HIDPI_IMAGES = YES;
				GCC_GENERATE_DEBUGGING_SYMBOLS = YES;
				GCC_INLINES_ARE_PRIVATE_EXTERN = NO;
				GCC_OPTIMIZATION_LEVEL = 0;
				GCC_PREPROCESSOR_DEFINITIONS = ("'CMAKE_INTDIR=\"$(CONFIGURATION)$(EFFECTIVE_PLATFORM_NAME)\"'","$(inherited)");
				GCC_SYMBOLS_PRIVATE_EXTERN = NO;
				INSTALL_PATH = "";
				OTHER_LDFLAGS = ("","$(inherited)");
				OTHER_REZFLAGS = "";
				PRODUCT_NAME = install;
				SECTORDER_FLAGS = "";
				USE_HEADERMAP = NO;
				WARNING_CFLAGS = ("$(inherited)");
			};
			name = Debug;
		};
		4D048EF7C6AC430EB400814B /* MinSizeRel */ = {
			isa = XCBuildConfiguration;
			buildSettings = {
				ALWAYS_SEARCH_USER_PATHS = NO;
				COMBINE_HIDPI_IMAGES = YES;
				GCC_GENERATE_DEBUGGING_SYMBOLS = YES;
				GCC_INLINES_ARE_PRIVATE_EXTERN = NO;
				GCC_OPTIMIZATION_LEVEL = 0;
				GCC_PREPROCESSOR_DEFINITIONS = ("'CMAKE_INTDIR=\"$(CONFIGURATION)$(EFFECTIVE_PLATFORM_NAME)\"'","$(inherited)");
				GCC_SYMBOLS_PRIVATE_EXTERN = NO;
				INSTALL_PATH = "";
				OTHER_LDFLAGS = ("","$(inherited)");
				OTHER_REZFLAGS = "";
				PRODUCT_NAME = ZERO_CHECK;
				SECTORDER_FLAGS = "";
				USE_HEADERMAP = NO;
				WARNING_CFLAGS = ("$(inherited)");
			};
			name = MinSizeRel;
		};
		4E42071782B54E1FA7A83987 /* RelWithDebInfo */ = {
			isa = XCBuildConfiguration;
			buildSettings = {
				ALWAYS_SEARCH_USER_PATHS = NO;
				COMBINE_HIDPI_IMAGES = YES;
				GCC_GENERATE_DEBUGGING_SYMBOLS = YES;
				GCC_INLINES_ARE_PRIVATE_EXTERN = NO;
				GCC_OPTIMIZATION_LEVEL = 0;
				GCC_PREPROCESSOR_DEFINITIONS = ("'CMAKE_INTDIR=\"$(CONFIGURATION)$(EFFECTIVE_PLATFORM_NAME)\"'","$(inherited)");
				GCC_SYMBOLS_PRIVATE_EXTERN = NO;
				INSTALL_PATH = "";
				OTHER_LDFLAGS = ("","$(inherited)");
				OTHER_REZFLAGS = "";
				PRODUCT_NAME = ALL_BUILD;
				SECTORDER_FLAGS = "";
				USE_HEADERMAP = NO;
				WARNING_CFLAGS = ("$(inherited)");
			};
			name = RelWithDebInfo;
		};
		5ABD363F46874306A3DEAA61 /* Release */ = {
			isa = XCBuildConfiguration;
			buildSettings = {
				ONLY_ACTIVE_ARCH = YES;
				SDKROOT = iphonesimulator;
				SWIFT_COMPILATION_MODE = wholemodule;
				SWIFT_VERSION = 5.0;
				SYMROOT = "/Users/aleks/Developer/turf-swift/build/build";
			};
			name = Release;
		};
		67C4C66850DE4D16B5953FA4 /* Debug */ = {
			isa = XCBuildConfiguration;
			buildSettings = {
				ALWAYS_EMBED_SWIFT_STANDARD_LIBRARIESS = YES;
				ALWAYS_SEARCH_USER_PATHS = NO;
				CODE_SIGN_IDENTITY = "";
				COMBINE_HIDPI_IMAGES = YES;
				CONFIGURATION_BUILD_DIR = "/Users/aleks/Developer/turf-swift/build/Tests/Debug${EFFECTIVE_PLATFORM_NAME}";
				EXECUTABLE_PREFIX = "";
				EXECUTABLE_SUFFIX = "";
				FRAMEWORK_SEARCH_PATHS = (/Applications/Xcode.app/Contents/Developer/Platforms/iPhoneSimulator.platform/Developer/Library/Frameworks,"/Users/aleks/Developer/turf-swift/build/Sources/Debug${EFFECTIVE_PLATFORM_NAME}","$(inherited)");
				GCC_GENERATE_DEBUGGING_SYMBOLS = YES;
				GCC_INLINES_ARE_PRIVATE_EXTERN = NO;
				GCC_OPTIMIZATION_LEVEL = 0;
				GCC_PREPROCESSOR_DEFINITIONS = ("'CMAKE_INTDIR=\"$(CONFIGURATION)$(EFFECTIVE_PLATFORM_NAME)\"'",TurfTests_EXPORTS,"$(inherited)");
				GCC_SYMBOLS_PRIVATE_EXTERN = NO;
				HEADER_SEARCH_PATHS = ("/Users/aleks/Developer/turf-swift/build/Sources","$(inherited)");
				INFOPLIST_FILE = "/Users/aleks/Developer/turf-swift/build/Tests/CMakeFiles/TurfTests.dir/Info.plist";
				INSTALL_PATH = "";
				LD_RUNPATH_SEARCH_PATHS = ("/Applications/Xcode.app/Contents/Developer/Platforms/iPhoneSimulator.platform/Developer/Library/Frameworks /Users/aleks/Developer/turf-swift/build/Sources/Debug${EFFECTIVE_PLATFORM_NAME}","$(inherited)");
				LIBRARY_STYLE = BUNDLE;
				OTHER_LDFLAGS = (" -bundle","-framework Foundation","-Xlinker -framework -Xlinker XCTest","/Users/aleks/Developer/turf-swift/build/Sources/Debug${EFFECTIVE_PLATFORM_NAME}/Turf.framework/Turf","$(inherited)");
				OTHER_REZFLAGS = "";
				OTHER_SWIFT_FLAGS = ("-Onone    -swift-version 5.0 ","$(inherited)");
				PRODUCT_BUNDLE_IDENTIFIER = com.mapbox.TurfTests;
				PRODUCT_NAME = TurfTests;
				SECTORDER_FLAGS = "";
				SWIFT_ACTIVE_COMPILATION_CONDITIONS = ("$(inherited)");
				SWIFT_INCLUDE_PATHS = ("/Users/aleks/Developer/turf-swift/build/Sources","$(inherited)");
				TARGET_TEMP_DIR = "/Users/aleks/Developer/turf-swift/build/build/TurfTests.build/$(CONFIGURATION)$(EFFECTIVE_PLATFORM_NAME)";
				USE_HEADERMAP = NO;
				WARNING_CFLAGS = ("$(inherited)");
				WRAPPER_EXTENSION = xctest;
			};
			name = Debug;
		};
		780508747D8C4AF8B4E7B26D /* MinSizeRel */ = {
			isa = XCBuildConfiguration;
			buildSettings = {
				ALWAYS_SEARCH_USER_PATHS = NO;
				COMBINE_HIDPI_IMAGES = YES;
				GCC_GENERATE_DEBUGGING_SYMBOLS = YES;
				GCC_INLINES_ARE_PRIVATE_EXTERN = NO;
				GCC_OPTIMIZATION_LEVEL = 0;
				GCC_PREPROCESSOR_DEFINITIONS = ("'CMAKE_INTDIR=\"$(CONFIGURATION)$(EFFECTIVE_PLATFORM_NAME)\"'","$(inherited)");
				GCC_SYMBOLS_PRIVATE_EXTERN = NO;
				INSTALL_PATH = "";
				OTHER_LDFLAGS = ("","$(inherited)");
				OTHER_REZFLAGS = "";
				PRODUCT_NAME = install;
				SECTORDER_FLAGS = "";
				USE_HEADERMAP = NO;
				WARNING_CFLAGS = ("$(inherited)");
			};
			name = MinSizeRel;
		};
		7EB116D496FF484FAB4329FF /* Debug */ = {
			isa = XCBuildConfiguration;
			buildSettings = {
				ALWAYS_SEARCH_USER_PATHS = NO;
				COMBINE_HIDPI_IMAGES = YES;
				CONFIGURATION_BUILD_DIR = "/Users/aleks/Developer/turf-swift/build/Sources/Debug${EFFECTIVE_PLATFORM_NAME}";
				DYLIB_COMPATIBILITY_VERSION = 1;
				DYLIB_CURRENT_VERSION = 32;
				ENABLE_TESTABILITY = YES;
				EXECUTABLE_PREFIX = "";
				EXECUTABLE_SUFFIX = "";
				FRAMEWORK_VERSION = 3.0.0;
				GCC_GENERATE_DEBUGGING_SYMBOLS = YES;
				GCC_INLINES_ARE_PRIVATE_EXTERN = NO;
				GCC_OPTIMIZATION_LEVEL = 0;
				GCC_PREPROCESSOR_DEFINITIONS = ("'CMAKE_INTDIR=\"$(CONFIGURATION)$(EFFECTIVE_PLATFORM_NAME)\"'",Turf_EXPORTS,"$(inherited)");
				GCC_SYMBOLS_PRIVATE_EXTERN = NO;
				INFOPLIST_FILE = "/Users/aleks/Developer/turf-swift/build/Sources/CMakeFiles/Turf.dir/Info.plist";
				INSTALL_PATH = "@rpath";
				LIBRARY_STYLE = DYNAMIC;
				OTHER_LDFLAGS = ("","$(inherited)");
				OTHER_REZFLAGS = "";
				OTHER_SWIFT_FLAGS = ("-Onone    -swift-version 5.0 ","$(inherited)");
				PRODUCT_NAME = Turf;
				SECTORDER_FLAGS = "";
				SWIFT_ACTIVE_COMPILATION_CONDITIONS = ("$(inherited)");
				TARGET_TEMP_DIR = "/Users/aleks/Developer/turf-swift/build/build/Turf.build/$(CONFIGURATION)$(EFFECTIVE_PLATFORM_NAME)";
				USE_HEADERMAP = NO;
				WARNING_CFLAGS = ("$(inherited)");
			};
			name = Debug;
		};
		82017BBECCAE41E9A1009818 /* MinSizeRel */ = {
			isa = XCBuildConfiguration;
			buildSettings = {
				ONLY_ACTIVE_ARCH = YES;
				SDKROOT = iphonesimulator;
				SWIFT_COMPILATION_MODE = wholemodule;
				SWIFT_VERSION = 5.0;
				SYMROOT = "/Users/aleks/Developer/turf-swift/build/build";
			};
			name = MinSizeRel;
		};
		858006AFB3F1478B9FC585EF /* RelWithDebInfo */ = {
			isa = XCBuildConfiguration;
			buildSettings = {
				ONLY_ACTIVE_ARCH = YES;
				SDKROOT = iphonesimulator;
				SWIFT_COMPILATION_MODE = wholemodule;
				SWIFT_VERSION = 5.0;
				SYMROOT = "/Users/aleks/Developer/turf-swift/build/build";
			};
			name = RelWithDebInfo;
		};
		8AEBFD3DD19C4EBF9780668A /* RelWithDebInfo */ = {
			isa = XCBuildConfiguration;
			buildSettings = {
				ALWAYS_SEARCH_USER_PATHS = NO;
				COMBINE_HIDPI_IMAGES = YES;
				GCC_GENERATE_DEBUGGING_SYMBOLS = YES;
				GCC_INLINES_ARE_PRIVATE_EXTERN = NO;
				GCC_OPTIMIZATION_LEVEL = 0;
				GCC_PREPROCESSOR_DEFINITIONS = ("'CMAKE_INTDIR=\"$(CONFIGURATION)$(EFFECTIVE_PLATFORM_NAME)\"'","$(inherited)");
				GCC_SYMBOLS_PRIVATE_EXTERN = NO;
				INSTALL_PATH = "";
				OTHER_LDFLAGS = ("","$(inherited)");
				OTHER_REZFLAGS = "";
				PRODUCT_NAME = ZERO_CHECK;
				SECTORDER_FLAGS = "";
				USE_HEADERMAP = NO;
				WARNING_CFLAGS = ("$(inherited)");
			};
			name = RelWithDebInfo;
		};
		97C12A0791B743DD8B46D314 /* RelWithDebInfo */ = {
			isa = XCBuildConfiguration;
			buildSettings = {
				ALWAYS_SEARCH_USER_PATHS = NO;
				COMBINE_HIDPI_IMAGES = YES;
				GCC_GENERATE_DEBUGGING_SYMBOLS = YES;
				GCC_INLINES_ARE_PRIVATE_EXTERN = NO;
				GCC_OPTIMIZATION_LEVEL = 0;
				GCC_PREPROCESSOR_DEFINITIONS = ("'CMAKE_INTDIR=\"$(CONFIGURATION)$(EFFECTIVE_PLATFORM_NAME)\"'","$(inherited)");
				GCC_SYMBOLS_PRIVATE_EXTERN = NO;
				INSTALL_PATH = "";
				OTHER_LDFLAGS = ("","$(inherited)");
				OTHER_REZFLAGS = "";
				PRODUCT_NAME = install;
				SECTORDER_FLAGS = "";
				USE_HEADERMAP = NO;
				WARNING_CFLAGS = ("$(inherited)");
			};
			name = RelWithDebInfo;
		};
		B3B2746FDEA64D2BAF4940D5 /* Debug */ = {
			isa = XCBuildConfiguration;
			buildSettings = {
				ONLY_ACTIVE_ARCH = YES;
				SDKROOT = iphonesimulator;
				SWIFT_VERSION = 5.0;
				SYMROOT = "/Users/aleks/Developer/turf-swift/build/build";
			};
			name = Debug;
		};
		BD04EE97F7484687AFE11BC8 /* Release */ = {
			isa = XCBuildConfiguration;
			buildSettings = {
				ALWAYS_SEARCH_USER_PATHS = NO;
				COMBINE_HIDPI_IMAGES = YES;
				GCC_GENERATE_DEBUGGING_SYMBOLS = YES;
				GCC_INLINES_ARE_PRIVATE_EXTERN = NO;
				GCC_OPTIMIZATION_LEVEL = 0;
				GCC_PREPROCESSOR_DEFINITIONS = ("'CMAKE_INTDIR=\"$(CONFIGURATION)$(EFFECTIVE_PLATFORM_NAME)\"'","$(inherited)");
				GCC_SYMBOLS_PRIVATE_EXTERN = NO;
				INSTALL_PATH = "";
				OTHER_LDFLAGS = ("","$(inherited)");
				OTHER_REZFLAGS = "";
				PRODUCT_NAME = ALL_BUILD;
				SECTORDER_FLAGS = "";
				USE_HEADERMAP = NO;
				WARNING_CFLAGS = ("$(inherited)");
			};
			name = Release;
		};
		C121AE82CB7E42C2A412A1E7 /* Debug */ = {
			isa = XCBuildConfiguration;
			buildSettings = {
				ALWAYS_SEARCH_USER_PATHS = NO;
				COMBINE_HIDPI_IMAGES = YES;
				GCC_GENERATE_DEBUGGING_SYMBOLS = YES;
				GCC_INLINES_ARE_PRIVATE_EXTERN = NO;
				GCC_OPTIMIZATION_LEVEL = 0;
				GCC_PREPROCESSOR_DEFINITIONS = ("'CMAKE_INTDIR=\"$(CONFIGURATION)$(EFFECTIVE_PLATFORM_NAME)\"'","$(inherited)");
				GCC_SYMBOLS_PRIVATE_EXTERN = NO;
				INSTALL_PATH = "";
				OTHER_LDFLAGS = ("","$(inherited)");
				OTHER_REZFLAGS = "";
				PRODUCT_NAME = RUN_TESTS;
				SECTORDER_FLAGS = "";
				USE_HEADERMAP = NO;
				WARNING_CFLAGS = ("$(inherited)");
			};
			name = Debug;
		};
		C7186EFFD8A0409F8E740DCC /* MinSizeRel */ = {
			isa = XCBuildConfiguration;
			buildSettings = {
				ALWAYS_SEARCH_USER_PATHS = NO;
				COMBINE_HIDPI_IMAGES = YES;
				GCC_GENERATE_DEBUGGING_SYMBOLS = YES;
				GCC_INLINES_ARE_PRIVATE_EXTERN = NO;
				GCC_OPTIMIZATION_LEVEL = 0;
				GCC_PREPROCESSOR_DEFINITIONS = ("'CMAKE_INTDIR=\"$(CONFIGURATION)$(EFFECTIVE_PLATFORM_NAME)\"'","$(inherited)");
				GCC_SYMBOLS_PRIVATE_EXTERN = NO;
				INSTALL_PATH = "";
				OTHER_LDFLAGS = ("","$(inherited)");
				OTHER_REZFLAGS = "";
				PRODUCT_NAME = ALL_BUILD;
				SECTORDER_FLAGS = "";
				USE_HEADERMAP = NO;
				WARNING_CFLAGS = ("$(inherited)");
			};
			name = MinSizeRel;
		};
		C92CD4C4E0AB4E1BA02B09E5 /* Release */ = {
			isa = XCBuildConfiguration;
			buildSettings = {
				ALWAYS_SEARCH_USER_PATHS = NO;
				COMBINE_HIDPI_IMAGES = YES;
				GCC_GENERATE_DEBUGGING_SYMBOLS = YES;
				GCC_INLINES_ARE_PRIVATE_EXTERN = NO;
				GCC_OPTIMIZATION_LEVEL = 0;
				GCC_PREPROCESSOR_DEFINITIONS = ("'CMAKE_INTDIR=\"$(CONFIGURATION)$(EFFECTIVE_PLATFORM_NAME)\"'","$(inherited)");
				GCC_SYMBOLS_PRIVATE_EXTERN = NO;
				INSTALL_PATH = "";
				OTHER_LDFLAGS = ("","$(inherited)");
				OTHER_REZFLAGS = "";
				PRODUCT_NAME = RUN_TESTS;
				SECTORDER_FLAGS = "";
				USE_HEADERMAP = NO;
				WARNING_CFLAGS = ("$(inherited)");
			};
			name = Release;
		};
		CA245DB101E24D54815E0890 /* Debug */ = {
			isa = XCBuildConfiguration;
			buildSettings = {
				ALWAYS_SEARCH_USER_PATHS = NO;
				COMBINE_HIDPI_IMAGES = YES;
				GCC_GENERATE_DEBUGGING_SYMBOLS = YES;
				GCC_INLINES_ARE_PRIVATE_EXTERN = NO;
				GCC_OPTIMIZATION_LEVEL = 0;
				GCC_PREPROCESSOR_DEFINITIONS = ("'CMAKE_INTDIR=\"$(CONFIGURATION)$(EFFECTIVE_PLATFORM_NAME)\"'","$(inherited)");
				GCC_SYMBOLS_PRIVATE_EXTERN = NO;
				INSTALL_PATH = "";
				OTHER_LDFLAGS = ("","$(inherited)");
				OTHER_REZFLAGS = "";
				PRODUCT_NAME = ALL_BUILD;
				SECTORDER_FLAGS = "";
				USE_HEADERMAP = NO;
				WARNING_CFLAGS = ("$(inherited)");
			};
			name = Debug;
		};
		CB8A4F13030547128CA81A88 /* MinSizeRel */ = {
			isa = XCBuildConfiguration;
			buildSettings = {
				ALWAYS_SEARCH_USER_PATHS = NO;
				COMBINE_HIDPI_IMAGES = YES;
				GCC_GENERATE_DEBUGGING_SYMBOLS = YES;
				GCC_INLINES_ARE_PRIVATE_EXTERN = NO;
				GCC_OPTIMIZATION_LEVEL = 0;
				GCC_PREPROCESSOR_DEFINITIONS = ("'CMAKE_INTDIR=\"$(CONFIGURATION)$(EFFECTIVE_PLATFORM_NAME)\"'","$(inherited)");
				GCC_SYMBOLS_PRIVATE_EXTERN = NO;
				INSTALL_PATH = "";
				OTHER_LDFLAGS = ("","$(inherited)");
				OTHER_REZFLAGS = "";
				PRODUCT_NAME = RUN_TESTS;
				SECTORDER_FLAGS = "";
				USE_HEADERMAP = NO;
				WARNING_CFLAGS = ("$(inherited)");
			};
			name = MinSizeRel;
		};
		CDAA81BBF7534F2A98D840AF /* Release */ = {
			isa = XCBuildConfiguration;
			buildSettings = {
				ALWAYS_SEARCH_USER_PATHS = NO;
				COMBINE_HIDPI_IMAGES = YES;
				GCC_GENERATE_DEBUGGING_SYMBOLS = YES;
				GCC_INLINES_ARE_PRIVATE_EXTERN = NO;
				GCC_OPTIMIZATION_LEVEL = 0;
				GCC_PREPROCESSOR_DEFINITIONS = ("'CMAKE_INTDIR=\"$(CONFIGURATION)$(EFFECTIVE_PLATFORM_NAME)\"'","$(inherited)");
				GCC_SYMBOLS_PRIVATE_EXTERN = NO;
				INSTALL_PATH = "";
				OTHER_LDFLAGS = ("","$(inherited)");
				OTHER_REZFLAGS = "";
				PRODUCT_NAME = install;
				SECTORDER_FLAGS = "";
				USE_HEADERMAP = NO;
				WARNING_CFLAGS = ("$(inherited)");
			};
			name = Release;
		};
		EA99A30AF91C4AC480A416ED /* MinSizeRel */ = {
			isa = XCBuildConfiguration;
			buildSettings = {
				ALWAYS_EMBED_SWIFT_STANDARD_LIBRARIESS = YES;
				ALWAYS_SEARCH_USER_PATHS = NO;
				CODE_SIGN_IDENTITY = "";
				COMBINE_HIDPI_IMAGES = YES;
				CONFIGURATION_BUILD_DIR = "/Users/aleks/Developer/turf-swift/build/Tests/MinSizeRel${EFFECTIVE_PLATFORM_NAME}";
				EXECUTABLE_PREFIX = "";
				EXECUTABLE_SUFFIX = "";
				FRAMEWORK_SEARCH_PATHS = (/Applications/Xcode.app/Contents/Developer/Platforms/iPhoneSimulator.platform/Developer/Library/Frameworks,"/Users/aleks/Developer/turf-swift/build/Sources/MinSizeRel${EFFECTIVE_PLATFORM_NAME}","$(inherited)");
				GCC_GENERATE_DEBUGGING_SYMBOLS = NO;
				GCC_INLINES_ARE_PRIVATE_EXTERN = NO;
				GCC_OPTIMIZATION_LEVEL = 0;
				GCC_PREPROCESSOR_DEFINITIONS = ("'CMAKE_INTDIR=\"$(CONFIGURATION)$(EFFECTIVE_PLATFORM_NAME)\"'",TurfTests_EXPORTS,"$(inherited)");
				GCC_SYMBOLS_PRIVATE_EXTERN = NO;
				HEADER_SEARCH_PATHS = ("/Users/aleks/Developer/turf-swift/build/Sources","$(inherited)");
				INFOPLIST_FILE = "/Users/aleks/Developer/turf-swift/build/Tests/CMakeFiles/TurfTests.dir/Info.plist";
				INSTALL_PATH = "";
				LD_RUNPATH_SEARCH_PATHS = ("/Applications/Xcode.app/Contents/Developer/Platforms/iPhoneSimulator.platform/Developer/Library/Frameworks /Users/aleks/Developer/turf-swift/build/Sources/MinSizeRel${EFFECTIVE_PLATFORM_NAME}","$(inherited)");
				LIBRARY_STYLE = BUNDLE;
				OTHER_LDFLAGS = (" -bundle","-framework Foundation","-Xlinker -framework -Xlinker XCTest","/Users/aleks/Developer/turf-swift/build/Sources/MinSizeRel${EFFECTIVE_PLATFORM_NAME}/Turf.framework/Turf","$(inherited)");
				OTHER_REZFLAGS = "";
				OTHER_SWIFT_FLAGS = ("-Osize -swift-version 5.0 ","$(inherited)");
				PRODUCT_BUNDLE_IDENTIFIER = com.mapbox.TurfTests;
				PRODUCT_NAME = TurfTests;
				SECTORDER_FLAGS = "";
				SWIFT_ACTIVE_COMPILATION_CONDITIONS = ("$(inherited)");
				SWIFT_INCLUDE_PATHS = ("/Users/aleks/Developer/turf-swift/build/Sources","$(inherited)");
				TARGET_TEMP_DIR = "/Users/aleks/Developer/turf-swift/build/build/TurfTests.build/$(CONFIGURATION)$(EFFECTIVE_PLATFORM_NAME)";
				USE_HEADERMAP = NO;
				WARNING_CFLAGS = ("$(inherited)");
				WRAPPER_EXTENSION = xctest;
			};
			name = MinSizeRel;
		};
/* End XCBuildConfiguration section */

/* Begin XCConfigurationList section */
		11B924D2598449DEB9F5CACA /* Build configuration list for PBXNativeTarget "TurfTests" */ = {
			isa = XCConfigurationList;
			buildConfigurations = (
				67C4C66850DE4D16B5953FA4 /* Debug */,
				102004ABFB254163ABEA91CD /* Release */,
				EA99A30AF91C4AC480A416ED /* MinSizeRel */,
				050A5F0E12D444F19853DF29 /* RelWithDebInfo */,
			);
			defaultConfigurationIsVisible = 0;
			defaultConfigurationName = Debug;
		};
		17CF07CBA1ED4047BDDB2E19 /* Build configuration list for PBXAggregateTarget "RUN_TESTS" */ = {
			isa = XCConfigurationList;
			buildConfigurations = (
				C121AE82CB7E42C2A412A1E7 /* Debug */,
				C92CD4C4E0AB4E1BA02B09E5 /* Release */,
				CB8A4F13030547128CA81A88 /* MinSizeRel */,
				08CB6F749E8F43C5B4A3B549 /* RelWithDebInfo */,
			);
			defaultConfigurationIsVisible = 0;
			defaultConfigurationName = Debug;
		};
		5538B9087B894E7F96DD5CBC /* Build configuration list for PBXAggregateTarget "ZERO_CHECK" */ = {
			isa = XCConfigurationList;
			buildConfigurations = (
				34D581755F9E43CFBEB4CE0E /* Debug */,
				100841A5227D42F0B585488A /* Release */,
				4D048EF7C6AC430EB400814B /* MinSizeRel */,
				8AEBFD3DD19C4EBF9780668A /* RelWithDebInfo */,
			);
			defaultConfigurationIsVisible = 0;
			defaultConfigurationName = Debug;
		};
		555A6A4756A54E129DD0156E /* Build configuration list for PBXAggregateTarget "ALL_BUILD" */ = {
			isa = XCConfigurationList;
			buildConfigurations = (
				CA245DB101E24D54815E0890 /* Debug */,
				BD04EE97F7484687AFE11BC8 /* Release */,
				C7186EFFD8A0409F8E740DCC /* MinSizeRel */,
				4E42071782B54E1FA7A83987 /* RelWithDebInfo */,
			);
			defaultConfigurationIsVisible = 0;
			defaultConfigurationName = Debug;
		};
		97974B2031B645DBB13D0138 /* Build configuration list for PBXAggregateTarget "install" */ = {
			isa = XCConfigurationList;
			buildConfigurations = (
				361EDEE2A94747E38FD1BA4C /* Debug */,
				CDAA81BBF7534F2A98D840AF /* Release */,
				780508747D8C4AF8B4E7B26D /* MinSizeRel */,
				97C12A0791B743DD8B46D314 /* RelWithDebInfo */,
			);
			defaultConfigurationIsVisible = 0;
			defaultConfigurationName = Debug;
		};
		C272EAD41B8744388506D9AB /* Build configuration list for PBXNativeTarget "Turf" */ = {
			isa = XCConfigurationList;
			buildConfigurations = (
				7EB116D496FF484FAB4329FF /* Debug */,
				297B3026FD3C4C5D897DB177 /* Release */,
				30EC32A4C12E4A10B8B4C13C /* MinSizeRel */,
				0A913FE2C6E444498BBD2264 /* RelWithDebInfo */,
			);
			defaultConfigurationIsVisible = 0;
			defaultConfigurationName = Debug;
		};
		F596A3B8C9D84A35941BD123 /* Build configuration list for PBXProject "Turf" */ = {
			isa = XCConfigurationList;
			buildConfigurations = (
				B3B2746FDEA64D2BAF4940D5 /* Debug */,
				5ABD363F46874306A3DEAA61 /* Release */,
				82017BBECCAE41E9A1009818 /* MinSizeRel */,
				858006AFB3F1478B9FC585EF /* RelWithDebInfo */,
			);
			defaultConfigurationIsVisible = 0;
			defaultConfigurationName = Debug;
		};
/* End XCConfigurationList section */
	};
	rootObject = 8C825D0A66C048F2AE6D4041 /* Project object */;
}
